
Microsoft Visual Studio Solution File, Format Version 12.00
# Visual Studio Version 17
VisualStudioVersion = 17.0.31903.59
MinimumVisualStudioVersion = 10.0.40219.1
Project("{2150E333-8FDC-42A3-9474-1A3956D46DE8}") = "src", "src", "{827E0CD3-B72D-47B6-A68D-7590B98EB39B}"
EndProject
Project("{FAE04EC0-301F-11D3-BF4B-00C04F79EFBC}") = "NSSLC.Tools.Simulation", "src\NSSLC.Tools.Simulation\NSSLC.Tools.Simulation.csproj", "{DB8CB602-AF7F-4F7E-BFF1-E5684783C410}"
EndProject
Project("{FAE04EC0-301F-11D3-BF4B-00C04F79EFBC}") = "NSSLC.Application", "src\NSSLC.Application\NSSLC.Application.csproj", "{5B73AABD-4B3B-48A6-8B6D-85E0C4121268}"
EndProject
Project("{2150E333-8FDC-42A3-9474-1A3956D46DE8}") = "NSSLC", "NSSLC", "{7A46719C-82D3-70D2-FF4D-4DAD66ECA9D9}"
EndProject
Project("{2150E333-8FDC-42A3-9474-1A3956D46DE8}") = "Component", "Component", "{74244D27-6CA0-A987-A01F-327FEE277161}"
EndProject
Project("{2150E333-8FDC-42A3-9474-1A3956D46DE8}") = "WorldSession", "WorldSession", "{1588C87A-516C-69E4-5A14-2DF90568AF83}"
EndProject
Project("{FAE04EC0-301F-11D3-BF4B-00C04F79EFBC}") = "Terraria.WorldSession", "src\NSSLC\Component\WorldSession\Terraria.WorldSession.csproj", "{2CD1CADB-F77F-453B-B9CE-D9573362DAE1}"
EndProject
Project("{2150E333-8FDC-42A3-9474-1A3956D46DE8}") = "Npc", "Npc", "{53283F08-DF4B-76C7-E0ED-4FC868A1CDCF}"
EndProject
Project("{FAE04EC0-301F-11D3-BF4B-00C04F79EFBC}") = "Terraria.Npc", "src\NSSLC\Component\Npc\Terraria.Npc.csproj", "{9921739F-1500-4EE6-AD53-1BC4B9864A03}"
EndProject
Project("{2150E333-8FDC-42A3-9474-1A3956D46DE8}") = "Combat", "Combat", "{9E67FFB9-EC80-7797-21B0-1230D2DBA394}"
EndProject
Project("{FAE04EC0-301F-11D3-BF4B-00C04F79EFBC}") = "Terraria.Combat", "src\NSSLC\Component\Combat\Terraria.Combat.csproj", "{B87525F5-CD49-4A9E-B4E8-3BE0C7EDE77D}"
EndProject
Project("{2150E333-8FDC-42A3-9474-1A3956D46DE8}") = "Relationships", "Relationships", "{A452F39F-D897-DAD6-9583-C8C8F4A17871}"
EndProject
Project("{FAE04EC0-301F-11D3-BF4B-00C04F79EFBC}") = "Terraria.Relationships", "src\NSSLC\Component\Relationships\Terraria.Relationships.csproj", "{F717FF5F-FAE7-4E04-8481-BB4AE2459AB6}"
EndProject
Project("{2150E333-8FDC-42A3-9474-1A3956D46DE8}") = "Content", "Content", "{763B5262-7596-D4EA-3BA1-A808E90450D9}"
EndProject
Project("{FAE04EC0-301F-11D3-BF4B-00C04F79EFBC}") = "Terraria.Content", "src\NSSLC\Component\Content\Terraria.Content.csproj", "{D2F390E4-5D6C-46D1-82B7-66237E2933C2}"
EndProject
Project("{2150E333-8FDC-42A3-9474-1A3956D46DE8}") = "SpatialSimulation", "SpatialSimulation", "{4E33D979-E03D-7105-9699-D9125AA9F30A}"
EndProject
Project("{FAE04EC0-301F-11D3-BF4B-00C04F79EFBC}") = "Terraria.SpatialSimulation", "src\NSSLC\Component\SpatialSimulation\Terraria.SpatialSimulation.csproj", "{349ADFB5-B2AA-403F-A9CC-067958D4D405}"
EndProject
Project("{2150E333-8FDC-42A3-9474-1A3956D46DE8}") = "Physics", "Physics", "{75273E95-6D10-1ABE-CB05-707489E41185}"
EndProject
Project("{FAE04EC0-301F-11D3-BF4B-00C04F79EFBC}") = "Terraria.Physics", "src\NSSLC\Component\Physics\Terraria.Physics.csproj", "{C9D00910-C3B8-49F8-8CB3-AA25EA005E68}"
EndProject
Project("{2150E333-8FDC-42A3-9474-1A3956D46DE8}") = "WorldInteraction", "WorldInteraction", "{87D50184-475D-ED95-D4F5-8D00D9A7B18A}"
EndProject
Project("{FAE04EC0-301F-11D3-BF4B-00C04F79EFBC}") = "Terraria.WorldInteraction", "src\NSSLC\Component\WorldInteraction\Terraria.WorldInteraction.csproj", "{52051662-E755-43DA-BF07-E7028BEF19FC}"
EndProject
Project("{2150E333-8FDC-42A3-9474-1A3956D46DE8}") = "Items", "Items", "{C0308D8D-E232-7AEF-BBE3-1CA959F6627B}"
EndProject
Project("{FAE04EC0-301F-11D3-BF4B-00C04F79EFBC}") = "Terraria.Items", "src\NSSLC\Component\Items\Terraria.Items.csproj", "{69193D60-9461-46BA-B7F2-4F17B70CCBA3}"
EndProject
Project("{2150E333-8FDC-42A3-9474-1A3956D46DE8}") = "WorldStorage", "WorldStorage", "{931A60C6-0C64-5653-7FE8-1C5188D51BE6}"
EndProject
Project("{FAE04EC0-301F-11D3-BF4B-00C04F79EFBC}") = "Terraria.WorldStorage", "src\NSSLC\Component\WorldStorage\Terraria.WorldStorage.csproj", "{74FE910A-32C4-4AB1-9FC5-301B7577E584}"
EndProject
Project("{2150E333-8FDC-42A3-9474-1A3956D46DE8}") = "Share", "Share", "{3AC4108B-8CCE-917F-715D-9D5E800627E4}"
EndProject
Project("{2150E333-8FDC-42A3-9474-1A3956D46DE8}") = "Entity", "Entity", "{146A8EF1-683B-BEB8-D73C-C6016F79B8B8}"
EndProject
Project("{FAE04EC0-301F-11D3-BF4B-00C04F79EFBC}") = "Terraria.EntityEcs", "src\NSSLC\Component\Share\Entity\Terraria.EntityEcs.csproj", "{4D3E3F7A-310C-414E-B017-AFF31420297B}"
EndProject
Project("{2150E333-8FDC-42A3-9474-1A3956D46DE8}") = "Player", "Player", "{E70794C2-97B7-8283-5F58-A62CECE393E5}"
EndProject
Project("{FAE04EC0-301F-11D3-BF4B-00C04F79EFBC}") = "Terraria.Player", "src\NSSLC\Component\Player\Terraria.Player.csproj", "{4729BDBB-3345-42E0-8891-4E7016D80357}"
EndProject
Project("{2150E333-8FDC-42A3-9474-1A3956D46DE8}") = "Projectile", "Projectile", "{5912E14D-B97A-EB71-97C7-954D8711DA1B}"
EndProject
Project("{FAE04EC0-301F-11D3-BF4B-00C04F79EFBC}") = "Terraria.Projectile", "src\NSSLC\Component\Projectile\Terraria.Projectile.csproj", "{0C7A84CD-E52E-495C-B468-C09977954FBA}"
EndProject
Project("{2150E333-8FDC-42A3-9474-1A3956D46DE8}") = "Build", "Build", "{DEE5DD87-39C1-BF34-B639-A387DCCF972B}"
EndProject
Project("{2150E333-8FDC-42A3-9474-1A3956D46DE8}") = "Tools", "Tools", "{81585A9F-7C78-2D77-4B65-5C14D38FE652}"
EndProject
Project("{FAE04EC0-301F-11D3-BF4B-00C04F79EFBC}") = "WorldLoadApiGenerator", "Build\Tools\WorldLoadApiGenerator\WorldLoadApiGenerator.csproj", "{41C241D7-EA4B-471F-A9E3-8AF50AFD7E6F}"
EndProject
Project("{2150E333-8FDC-42A3-9474-1A3956D46DE8}") = "NSSLC.Infrastructure", "NSSLC.Infrastructure", "{E98FE340-C840-D3EB-12E3-90828A62B42D}"
EndProject
Project("{2150E333-8FDC-42A3-9474-1A3956D46DE8}") = "WorldStorage", "WorldStorage", "{47F0645A-F6FC-48BC-CA97-DEC9AA9AEB05}"
EndProject
Project("{FAE04EC0-301F-11D3-BF4B-00C04F79EFBC}") = "NSSLC.Infrastructure.WorldStorage", "src\NSSLC.Infrastructure\WorldStorage\NSSLC.Infrastructure.WorldStorage.csproj", "{72D4A2CD-D2A8-43E2-ADDD-3B1510014BD0}"
EndProject
Project("{2150E333-8FDC-42A3-9474-1A3956D46DE8}") = "WorldGeneration", "WorldGeneration", "{D54F9E06-1954-D949-1B59-D1FB10282B0E}"
EndProject
Project("{FAE04EC0-301F-11D3-BF4B-00C04F79EFBC}") = "NSSLC.WorldGeneration", "src\NSSLC.Infrastructure\WorldGeneration\NSSLC.WorldGeneration.csproj", "{4D84230F-1C33-4CAF-B312-5768AB8B9026}"
EndProject
Project("{2150E333-8FDC-42A3-9474-1A3956D46DE8}") = "Town", "Town", "{A333986C-2F95-1CA5-6AA1-852C09AD5854}"
EndProject
Project("{FAE04EC0-301F-11D3-BF4B-00C04F79EFBC}") = "Terraria.Town", "src\NSSLC\Component\Town\Terraria.Town.csproj", "{3C3410B1-5B34-4E71-97B4-960C6A3AC570}"
EndProject
Global
	GlobalSection(SolutionConfigurationPlatforms) = preSolution
		Debug|Any CPU = Debug|Any CPU
		Debug|x64 = Debug|x64
		Debug|x86 = Debug|x86
		Release|Any CPU = Release|Any CPU
		Release|x64 = Release|x64
		Release|x86 = Release|x86
	EndGlobalSection
	GlobalSection(ProjectConfigurationPlatforms) = postSolution
		{DB8CB602-AF7F-4F7E-BFF1-E5684783C410}.Debug|Any CPU.ActiveCfg = Debug|Any CPU
		{DB8CB602-AF7F-4F7E-BFF1-E5684783C410}.Debug|Any CPU.Build.0 = Debug|Any CPU
		{DB8CB602-AF7F-4F7E-BFF1-E5684783C410}.Debug|x64.ActiveCfg = Debug|Any CPU
		{DB8CB602-AF7F-4F7E-BFF1-E5684783C410}.Debug|x64.Build.0 = Debug|Any CPU
		{DB8CB602-AF7F-4F7E-BFF1-E5684783C410}.Debug|x86.ActiveCfg = Debug|Any CPU
		{DB8CB602-AF7F-4F7E-BFF1-E5684783C410}.Debug|x86.Build.0 = Debug|Any CPU
		{DB8CB602-AF7F-4F7E-BFF1-E5684783C410}.Release|Any CPU.ActiveCfg = Release|Any CPU
		{DB8CB602-AF7F-4F7E-BFF1-E5684783C410}.Release|Any CPU.Build.0 = Release|Any CPU
		{DB8CB602-AF7F-4F7E-BFF1-E5684783C410}.Release|x64.ActiveCfg = Release|Any CPU
		{DB8CB602-AF7F-4F7E-BFF1-E5684783C410}.Release|x64.Build.0 = Release|Any CPU
		{DB8CB602-AF7F-4F7E-BFF1-E5684783C410}.Release|x86.ActiveCfg = Release|Any CPU
		{DB8CB602-AF7F-4F7E-BFF1-E5684783C410}.Release|x86.Build.0 = Release|Any CPU
		{5B73AABD-4B3B-48A6-8B6D-85E0C4121268}.Debug|Any CPU.ActiveCfg = Debug|Any CPU
		{5B73AABD-4B3B-48A6-8B6D-85E0C4121268}.Debug|Any CPU.Build.0 = Debug|Any CPU
		{5B73AABD-4B3B-48A6-8B6D-85E0C4121268}.Debug|x64.ActiveCfg = Debug|Any CPU
		{5B73AABD-4B3B-48A6-8B6D-85E0C4121268}.Debug|x64.Build.0 = Debug|Any CPU
		{5B73AABD-4B3B-48A6-8B6D-85E0C4121268}.Debug|x86.ActiveCfg = Debug|Any CPU
		{5B73AABD-4B3B-48A6-8B6D-85E0C4121268}.Debug|x86.Build.0 = Debug|Any CPU
		{5B73AABD-4B3B-48A6-8B6D-85E0C4121268}.Release|Any CPU.ActiveCfg = Release|Any CPU
		{5B73AABD-4B3B-48A6-8B6D-85E0C4121268}.Release|Any CPU.Build.0 = Release|Any CPU
		{5B73AABD-4B3B-48A6-8B6D-85E0C4121268}.Release|x64.ActiveCfg = Release|Any CPU
		{5B73AABD-4B3B-48A6-8B6D-85E0C4121268}.Release|x64.Build.0 = Release|Any CPU
		{5B73AABD-4B3B-48A6-8B6D-85E0C4121268}.Release|x86.ActiveCfg = Release|Any CPU
		{5B73AABD-4B3B-48A6-8B6D-85E0C4121268}.Release|x86.Build.0 = Release|Any CPU
		{2CD1CADB-F77F-453B-B9CE-D9573362DAE1}.Debug|Any CPU.ActiveCfg = Debug|Any CPU
		{2CD1CADB-F77F-453B-B9CE-D9573362DAE1}.Debug|Any CPU.Build.0 = Debug|Any CPU
		{2CD1CADB-F77F-453B-B9CE-D9573362DAE1}.Debug|x64.ActiveCfg = Debug|Any CPU
		{2CD1CADB-F77F-453B-B9CE-D9573362DAE1}.Debug|x64.Build.0 = Debug|Any CPU
		{2CD1CADB-F77F-453B-B9CE-D9573362DAE1}.Debug|x86.ActiveCfg = Debug|Any CPU
		{2CD1CADB-F77F-453B-B9CE-D9573362DAE1}.Debug|x86.Build.0 = Debug|Any CPU
		{2CD1CADB-F77F-453B-B9CE-D9573362DAE1}.Release|Any CPU.ActiveCfg = Release|Any CPU
		{2CD1CADB-F77F-453B-B9CE-D9573362DAE1}.Release|Any CPU.Build.0 = Release|Any CPU
		{2CD1CADB-F77F-453B-B9CE-D9573362DAE1}.Release|x64.ActiveCfg = Release|Any CPU
		{2CD1CADB-F77F-453B-B9CE-D9573362DAE1}.Release|x64.Build.0 = Release|Any CPU
		{2CD1CADB-F77F-453B-B9CE-D9573362DAE1}.Release|x86.ActiveCfg = Release|Any CPU
		{2CD1CADB-F77F-453B-B9CE-D9573362DAE1}.Release|x86.Build.0 = Release|Any CPU
		{9921739F-1500-4EE6-AD53-1BC4B9864A03}.Debug|Any CPU.ActiveCfg = Debug|Any CPU
		{9921739F-1500-4EE6-AD53-1BC4B9864A03}.Debug|Any CPU.Build.0 = Debug|Any CPU
		{9921739F-1500-4EE6-AD53-1BC4B9864A03}.Debug|x64.ActiveCfg = Debug|Any CPU
		{9921739F-1500-4EE6-AD53-1BC4B9864A03}.Debug|x64.Build.0 = Debug|Any CPU
		{9921739F-1500-4EE6-AD53-1BC4B9864A03}.Debug|x86.ActiveCfg = Debug|Any CPU
		{9921739F-1500-4EE6-AD53-1BC4B9864A03}.Debug|x86.Build.0 = Debug|Any CPU
		{9921739F-1500-4EE6-AD53-1BC4B9864A03}.Release|Any CPU.ActiveCfg = Release|Any CPU
		{9921739F-1500-4EE6-AD53-1BC4B9864A03}.Release|Any CPU.Build.0 = Release|Any CPU
		{9921739F-1500-4EE6-AD53-1BC4B9864A03}.Release|x64.ActiveCfg = Release|Any CPU
		{9921739F-1500-4EE6-AD53-1BC4B9864A03}.Release|x64.Build.0 = Release|Any CPU
		{9921739F-1500-4EE6-AD53-1BC4B9864A03}.Release|x86.ActiveCfg = Release|Any CPU
		{9921739F-1500-4EE6-AD53-1BC4B9864A03}.Release|x86.Build.0 = Release|Any CPU
		{B87525F5-CD49-4A9E-B4E8-3BE0C7EDE77D}.Debug|Any CPU.ActiveCfg = Debug|Any CPU
		{B87525F5-CD49-4A9E-B4E8-3BE0C7EDE77D}.Debug|Any CPU.Build.0 = Debug|Any CPU
		{B87525F5-CD49-4A9E-B4E8-3BE0C7EDE77D}.Debug|x64.ActiveCfg = Debug|Any CPU
		{B87525F5-CD49-4A9E-B4E8-3BE0C7EDE77D}.Debug|x64.Build.0 = Debug|Any CPU
		{B87525F5-CD49-4A9E-B4E8-3BE0C7EDE77D}.Debug|x86.ActiveCfg = Debug|Any CPU
		{B87525F5-CD49-4A9E-B4E8-3BE0C7EDE77D}.Debug|x86.Build.0 = Debug|Any CPU
		{B87525F5-CD49-4A9E-B4E8-3BE0C7EDE77D}.Release|Any CPU.ActiveCfg = Release|Any CPU
		{B87525F5-CD49-4A9E-B4E8-3BE0C7EDE77D}.Release|Any CPU.Build.0 = Release|Any CPU
		{B87525F5-CD49-4A9E-B4E8-3BE0C7EDE77D}.Release|x64.ActiveCfg = Release|Any CPU
		{B87525F5-CD49-4A9E-B4E8-3BE0C7EDE77D}.Release|x64.Build.0 = Release|Any CPU
		{B87525F5-CD49-4A9E-B4E8-3BE0C7EDE77D}.Release|x86.ActiveCfg = Release|Any CPU
		{B87525F5-CD49-4A9E-B4E8-3BE0C7EDE77D}.Release|x86.Build.0 = Release|Any CPU
		{F717FF5F-FAE7-4E04-8481-BB4AE2459AB6}.Debug|Any CPU.ActiveCfg = Debug|Any CPU
		{F717FF5F-FAE7-4E04-8481-BB4AE2459AB6}.Debug|Any CPU.Build.0 = Debug|Any CPU
		{F717FF5F-FAE7-4E04-8481-BB4AE2459AB6}.Debug|x64.ActiveCfg = Debug|Any CPU
		{F717FF5F-FAE7-4E04-8481-BB4AE2459AB6}.Debug|x64.Build.0 = Debug|Any CPU
		{F717FF5F-FAE7-4E04-8481-BB4AE2459AB6}.Debug|x86.ActiveCfg = Debug|Any CPU
		{F717FF5F-FAE7-4E04-8481-BB4AE2459AB6}.Debug|x86.Build.0 = Debug|Any CPU
		{F717FF5F-FAE7-4E04-8481-BB4AE2459AB6}.Release|Any CPU.ActiveCfg = Release|Any CPU
		{F717FF5F-FAE7-4E04-8481-BB4AE2459AB6}.Release|Any CPU.Build.0 = Release|Any CPU
		{F717FF5F-FAE7-4E04-8481-BB4AE2459AB6}.Release|x64.ActiveCfg = Release|Any CPU
		{F717FF5F-FAE7-4E04-8481-BB4AE2459AB6}.Release|x64.Build.0 = Release|Any CPU
		{F717FF5F-FAE7-4E04-8481-BB4AE2459AB6}.Release|x86.ActiveCfg = Release|Any CPU
		{F717FF5F-FAE7-4E04-8481-BB4AE2459AB6}.Release|x86.Build.0 = Release|Any CPU
		{D2F390E4-5D6C-46D1-82B7-66237E2933C2}.Debug|Any CPU.ActiveCfg = Debug|Any CPU
		{D2F390E4-5D6C-46D1-82B7-66237E2933C2}.Debug|Any CPU.Build.0 = Debug|Any CPU
		{D2F390E4-5D6C-46D1-82B7-66237E2933C2}.Debug|x64.ActiveCfg = Debug|Any CPU
		{D2F390E4-5D6C-46D1-82B7-66237E2933C2}.Debug|x64.Build.0 = Debug|Any CPU
		{D2F390E4-5D6C-46D1-82B7-66237E2933C2}.Debug|x86.ActiveCfg = Debug|Any CPU
		{D2F390E4-5D6C-46D1-82B7-66237E2933C2}.Debug|x86.Build.0 = Debug|Any CPU
		{D2F390E4-5D6C-46D1-82B7-66237E2933C2}.Release|Any CPU.ActiveCfg = Release|Any CPU
		{D2F390E4-5D6C-46D1-82B7-66237E2933C2}.Release|Any CPU.Build.0 = Release|Any CPU
		{D2F390E4-5D6C-46D1-82B7-66237E2933C2}.Release|x64.ActiveCfg = Release|Any CPU
		{D2F390E4-5D6C-46D1-82B7-66237E2933C2}.Release|x64.Build.0 = Release|Any CPU
		{D2F390E4-5D6C-46D1-82B7-66237E2933C2}.Release|x86.ActiveCfg = Release|Any CPU
		{D2F390E4-5D6C-46D1-82B7-66237E2933C2}.Release|x86.Build.0 = Release|Any CPU
		{349ADFB5-B2AA-403F-A9CC-067958D4D405}.Debug|Any CPU.ActiveCfg = Debug|Any CPU
		{349ADFB5-B2AA-403F-A9CC-067958D4D405}.Debug|Any CPU.Build.0 = Debug|Any CPU
		{349ADFB5-B2AA-403F-A9CC-067958D4D405}.Debug|x64.ActiveCfg = Debug|Any CPU
		{349ADFB5-B2AA-403F-A9CC-067958D4D405}.Debug|x64.Build.0 = Debug|Any CPU
		{349ADFB5-B2AA-403F-A9CC-067958D4D405}.Debug|x86.ActiveCfg = Debug|Any CPU
		{349ADFB5-B2AA-403F-A9CC-067958D4D405}.Debug|x86.Build.0 = Debug|Any CPU
		{349ADFB5-B2AA-403F-A9CC-067958D4D405}.Release|Any CPU.ActiveCfg = Release|Any CPU
		{349ADFB5-B2AA-403F-A9CC-067958D4D405}.Release|Any CPU.Build.0 = Release|Any CPU
		{349ADFB5-B2AA-403F-A9CC-067958D4D405}.Release|x64.ActiveCfg = Release|Any CPU
		{349ADFB5-B2AA-403F-A9CC-067958D4D405}.Release|x64.Build.0 = Release|Any CPU
		{349ADFB5-B2AA-403F-A9CC-067958D4D405}.Release|x86.ActiveCfg = Release|Any CPU
		{349ADFB5-B2AA-403F-A9CC-067958D4D405}.Release|x86.Build.0 = Release|Any CPU
		{C9D00910-C3B8-49F8-8CB3-AA25EA005E68}.Debug|Any CPU.ActiveCfg = Debug|Any CPU
		{C9D00910-C3B8-49F8-8CB3-AA25EA005E68}.Debug|Any CPU.Build.0 = Debug|Any CPU
		{C9D00910-C3B8-49F8-8CB3-AA25EA005E68}.Debug|x64.ActiveCfg = Debug|Any CPU
		{C9D00910-C3B8-49F8-8CB3-AA25EA005E68}.Debug|x64.Build.0 = Debug|Any CPU
		{C9D00910-C3B8-49F8-8CB3-AA25EA005E68}.Debug|x86.ActiveCfg = Debug|Any CPU
		{C9D00910-C3B8-49F8-8CB3-AA25EA005E68}.Debug|x86.Build.0 = Debug|Any CPU
		{C9D00910-C3B8-49F8-8CB3-AA25EA005E68}.Release|Any CPU.ActiveCfg = Release|Any CPU
		{C9D00910-C3B8-49F8-8CB3-AA25EA005E68}.Release|Any CPU.Build.0 = Release|Any CPU
		{C9D00910-C3B8-49F8-8CB3-AA25EA005E68}.Release|x64.ActiveCfg = Release|Any CPU
		{C9D00910-C3B8-49F8-8CB3-AA25EA005E68}.Release|x64.Build.0 = Release|Any CPU
		{C9D00910-C3B8-49F8-8CB3-AA25EA005E68}.Release|x86.ActiveCfg = Release|Any CPU
		{C9D00910-C3B8-49F8-8CB3-AA25EA005E68}.Release|x86.Build.0 = Release|Any CPU
		{52051662-E755-43DA-BF07-E7028BEF19FC}.Debug|Any CPU.ActiveCfg = Debug|Any CPU
		{52051662-E755-43DA-BF07-E7028BEF19FC}.Debug|Any CPU.Build.0 = Debug|Any CPU
		{52051662-E755-43DA-BF07-E7028BEF19FC}.Debug|x64.ActiveCfg = Debug|Any CPU
		{52051662-E755-43DA-BF07-E7028BEF19FC}.Debug|x64.Build.0 = Debug|Any CPU
		{52051662-E755-43DA-BF07-E7028BEF19FC}.Debug|x86.ActiveCfg = Debug|Any CPU
		{52051662-E755-43DA-BF07-E7028BEF19FC}.Debug|x86.Build.0 = Debug|Any CPU
		{52051662-E755-43DA-BF07-E7028BEF19FC}.Release|Any CPU.ActiveCfg = Release|Any CPU
		{52051662-E755-43DA-BF07-E7028BEF19FC}.Release|Any CPU.Build.0 = Release|Any CPU
		{52051662-E755-43DA-BF07-E7028BEF19FC}.Release|x64.ActiveCfg = Release|Any CPU
		{52051662-E755-43DA-BF07-E7028BEF19FC}.Release|x64.Build.0 = Release|Any CPU
		{52051662-E755-43DA-BF07-E7028BEF19FC}.Release|x86.ActiveCfg = Release|Any CPU
		{52051662-E755-43DA-BF07-E7028BEF19FC}.Release|x86.Build.0 = Release|Any CPU
		{69193D60-9461-46BA-B7F2-4F17B70CCBA3}.Debug|Any CPU.ActiveCfg = Debug|Any CPU
		{69193D60-9461-46BA-B7F2-4F17B70CCBA3}.Debug|Any CPU.Build.0 = Debug|Any CPU
		{69193D60-9461-46BA-B7F2-4F17B70CCBA3}.Debug|x64.ActiveCfg = Debug|Any CPU
		{69193D60-9461-46BA-B7F2-4F17B70CCBA3}.Debug|x64.Build.0 = Debug|Any CPU
		{69193D60-9461-46BA-B7F2-4F17B70CCBA3}.Debug|x86.ActiveCfg = Debug|Any CPU
		{69193D60-9461-46BA-B7F2-4F17B70CCBA3}.Debug|x86.Build.0 = Debug|Any CPU
		{69193D60-9461-46BA-B7F2-4F17B70CCBA3}.Release|Any CPU.ActiveCfg = Release|Any CPU
		{69193D60-9461-46BA-B7F2-4F17B70CCBA3}.Release|Any CPU.Build.0 = Release|Any CPU
		{69193D60-9461-46BA-B7F2-4F17B70CCBA3}.Release|x64.ActiveCfg = Release|Any CPU
		{69193D60-9461-46BA-B7F2-4F17B70CCBA3}.Release|x64.Build.0 = Release|Any CPU
		{69193D60-9461-46BA-B7F2-4F17B70CCBA3}.Release|x86.ActiveCfg = Release|Any CPU
		{69193D60-9461-46BA-B7F2-4F17B70CCBA3}.Release|x86.Build.0 = Release|Any CPU
		{74FE910A-32C4-4AB1-9FC5-301B7577E584}.Debug|Any CPU.ActiveCfg = Debug|Any CPU
		{74FE910A-32C4-4AB1-9FC5-301B7577E584}.Debug|Any CPU.Build.0 = Debug|Any CPU
		{74FE910A-32C4-4AB1-9FC5-301B7577E584}.Debug|x64.ActiveCfg = Debug|Any CPU
		{74FE910A-32C4-4AB1-9FC5-301B7577E584}.Debug|x64.Build.0 = Debug|Any CPU
		{74FE910A-32C4-4AB1-9FC5-301B7577E584}.Debug|x86.ActiveCfg = Debug|Any CPU
		{74FE910A-32C4-4AB1-9FC5-301B7577E584}.Debug|x86.Build.0 = Debug|Any CPU
		{74FE910A-32C4-4AB1-9FC5-301B7577E584}.Release|Any CPU.ActiveCfg = Release|Any CPU
		{74FE910A-32C4-4AB1-9FC5-301B7577E584}.Release|Any CPU.Build.0 = Release|Any CPU
		{74FE910A-32C4-4AB1-9FC5-301B7577E584}.Release|x64.ActiveCfg = Release|Any CPU
		{74FE910A-32C4-4AB1-9FC5-301B7577E584}.Release|x64.Build.0 = Release|Any CPU
		{74FE910A-32C4-4AB1-9FC5-301B7577E584}.Release|x86.ActiveCfg = Release|Any CPU
		{74FE910A-32C4-4AB1-9FC5-301B7577E584}.Release|x86.Build.0 = Release|Any CPU
		{4D3E3F7A-310C-414E-B017-AFF31420297B}.Debug|Any CPU.ActiveCfg = Debug|Any CPU
		{4D3E3F7A-310C-414E-B017-AFF31420297B}.Debug|Any CPU.Build.0 = Debug|Any CPU
		{4D3E3F7A-310C-414E-B017-AFF31420297B}.Debug|x64.ActiveCfg = Debug|Any CPU
		{4D3E3F7A-310C-414E-B017-AFF31420297B}.Debug|x64.Build.0 = Debug|Any CPU
		{4D3E3F7A-310C-414E-B017-AFF31420297B}.Debug|x86.ActiveCfg = Debug|Any CPU
		{4D3E3F7A-310C-414E-B017-AFF31420297B}.Debug|x86.Build.0 = Debug|Any CPU
		{4D3E3F7A-310C-414E-B017-AFF31420297B}.Release|Any CPU.ActiveCfg = Release|Any CPU
		{4D3E3F7A-310C-414E-B017-AFF31420297B}.Release|Any CPU.Build.0 = Release|Any CPU
		{4D3E3F7A-310C-414E-B017-AFF31420297B}.Release|x64.ActiveCfg = Release|Any CPU
		{4D3E3F7A-310C-414E-B017-AFF31420297B}.Release|x64.Build.0 = Release|Any CPU
		{4D3E3F7A-310C-414E-B017-AFF31420297B}.Release|x86.ActiveCfg = Release|Any CPU
		{4D3E3F7A-310C-414E-B017-AFF31420297B}.Release|x86.Build.0 = Release|Any CPU
		{4729BDBB-3345-42E0-8891-4E7016D80357}.Debug|Any CPU.ActiveCfg = Debug|Any CPU
		{4729BDBB-3345-42E0-8891-4E7016D80357}.Debug|Any CPU.Build.0 = Debug|Any CPU
		{4729BDBB-3345-42E0-8891-4E7016D80357}.Debug|x64.ActiveCfg = Debug|Any CPU
		{4729BDBB-3345-42E0-8891-4E7016D80357}.Debug|x64.Build.0 = Debug|Any CPU
		{4729BDBB-3345-42E0-8891-4E7016D80357}.Debug|x86.ActiveCfg = Debug|Any CPU
		{4729BDBB-3345-42E0-8891-4E7016D80357}.Debug|x86.Build.0 = Debug|Any CPU
		{4729BDBB-3345-42E0-8891-4E7016D80357}.Release|Any CPU.ActiveCfg = Release|Any CPU
		{4729BDBB-3345-42E0-8891-4E7016D80357}.Release|Any CPU.Build.0 = Release|Any CPU
		{4729BDBB-3345-42E0-8891-4E7016D80357}.Release|x64.ActiveCfg = Release|Any CPU
		{4729BDBB-3345-42E0-8891-4E7016D80357}.Release|x64.Build.0 = Release|Any CPU
		{4729BDBB-3345-42E0-8891-4E7016D80357}.Release|x86.ActiveCfg = Release|Any CPU
		{4729BDBB-3345-42E0-8891-4E7016D80357}.Release|x86.Build.0 = Release|Any CPU
		{0C7A84CD-E52E-495C-B468-C09977954FBA}.Debug|Any CPU.ActiveCfg = Debug|Any CPU
		{0C7A84CD-E52E-495C-B468-C09977954FBA}.Debug|Any CPU.Build.0 = Debug|Any CPU
		{0C7A84CD-E52E-495C-B468-C09977954FBA}.Debug|x64.ActiveCfg = Debug|Any CPU
		{0C7A84CD-E52E-495C-B468-C09977954FBA}.Debug|x64.Build.0 = Debug|Any CPU
		{0C7A84CD-E52E-495C-B468-C09977954FBA}.Debug|x86.ActiveCfg = Debug|Any CPU
		{0C7A84CD-E52E-495C-B468-C09977954FBA}.Debug|x86.Build.0 = Debug|Any CPU
		{0C7A84CD-E52E-495C-B468-C09977954FBA}.Release|Any CPU.ActiveCfg = Release|Any CPU
		{0C7A84CD-E52E-495C-B468-C09977954FBA}.Release|Any CPU.Build.0 = Release|Any CPU
		{0C7A84CD-E52E-495C-B468-C09977954FBA}.Release|x64.ActiveCfg = Release|Any CPU
		{0C7A84CD-E52E-495C-B468-C09977954FBA}.Release|x64.Build.0 = Release|Any CPU
		{0C7A84CD-E52E-495C-B468-C09977954FBA}.Release|x86.ActiveCfg = Release|Any CPU
		{0C7A84CD-E52E-495C-B468-C09977954FBA}.Release|x86.Build.0 = Release|Any CPU
		{41C241D7-EA4B-471F-A9E3-8AF50AFD7E6F}.Debug|Any CPU.ActiveCfg = Debug|Any CPU
		{41C241D7-EA4B-471F-A9E3-8AF50AFD7E6F}.Debug|Any CPU.Build.0 = Debug|Any CPU
		{41C241D7-EA4B-471F-A9E3-8AF50AFD7E6F}.Debug|x64.ActiveCfg = Debug|Any CPU
		{41C241D7-EA4B-471F-A9E3-8AF50AFD7E6F}.Debug|x64.Build.0 = Debug|Any CPU
		{41C241D7-EA4B-471F-A9E3-8AF50AFD7E6F}.Debug|x86.ActiveCfg = Debug|Any CPU
		{41C241D7-EA4B-471F-A9E3-8AF50AFD7E6F}.Debug|x86.Build.0 = Debug|Any CPU
		{41C241D7-EA4B-471F-A9E3-8AF50AFD7E6F}.Release|Any CPU.ActiveCfg = Release|Any CPU
		{41C241D7-EA4B-471F-A9E3-8AF50AFD7E6F}.Release|Any CPU.Build.0 = Release|Any CPU
		{41C241D7-EA4B-471F-A9E3-8AF50AFD7E6F}.Release|x64.ActiveCfg = Release|Any CPU
		{41C241D7-EA4B-471F-A9E3-8AF50AFD7E6F}.Release|x64.Build.0 = Release|Any CPU
		{41C241D7-EA4B-471F-A9E3-8AF50AFD7E6F}.Release|x86.ActiveCfg = Release|Any CPU
		{41C241D7-EA4B-471F-A9E3-8AF50AFD7E6F}.Release|x86.Build.0 = Release|Any CPU
		{72D4A2CD-D2A8-43E2-ADDD-3B1510014BD0}.Debug|Any CPU.ActiveCfg = Debug|Any CPU
		{72D4A2CD-D2A8-43E2-ADDD-3B1510014BD0}.Debug|Any CPU.Build.0 = Debug|Any CPU
		{72D4A2CD-D2A8-43E2-ADDD-3B1510014BD0}.Debug|x64.ActiveCfg = Debug|Any CPU
		{72D4A2CD-D2A8-43E2-ADDD-3B1510014BD0}.Debug|x64.Build.0 = Debug|Any CPU
		{72D4A2CD-D2A8-43E2-ADDD-3B1510014BD0}.Debug|x86.ActiveCfg = Debug|Any CPU
		{72D4A2CD-D2A8-43E2-ADDD-3B1510014BD0}.Debug|x86.Build.0 = Debug|Any CPU
		{72D4A2CD-D2A8-43E2-ADDD-3B1510014BD0}.Release|Any CPU.ActiveCfg = Release|Any CPU
		{72D4A2CD-D2A8-43E2-ADDD-3B1510014BD0}.Release|Any CPU.Build.0 = Release|Any CPU
		{72D4A2CD-D2A8-43E2-ADDD-3B1510014BD0}.Release|x64.ActiveCfg = Release|Any CPU
		{72D4A2CD-D2A8-43E2-ADDD-3B1510014BD0}.Release|x64.Build.0 = Release|Any CPU
		{72D4A2CD-D2A8-43E2-ADDD-3B1510014BD0}.Release|x86.ActiveCfg = Release|Any CPU
		{72D4A2CD-D2A8-43E2-ADDD-3B1510014BD0}.Release|x86.Build.0 = Release|Any CPU
		{4D84230F-1C33-4CAF-B312-5768AB8B9026}.Debug|Any CPU.ActiveCfg = Debug|Any CPU
		{4D84230F-1C33-4CAF-B312-5768AB8B9026}.Debug|Any CPU.Build.0 = Debug|Any CPU
		{4D84230F-1C33-4CAF-B312-5768AB8B9026}.Debug|x64.ActiveCfg = Debug|Any CPU
		{4D84230F-1C33-4CAF-B312-5768AB8B9026}.Debug|x64.Build.0 = Debug|Any CPU
		{4D84230F-1C33-4CAF-B312-5768AB8B9026}.Debug|x86.ActiveCfg = Debug|Any CPU
		{4D84230F-1C33-4CAF-B312-5768AB8B9026}.Debug|x86.Build.0 = Debug|Any CPU
		{4D84230F-1C33-4CAF-B312-5768AB8B9026}.Release|Any CPU.ActiveCfg = Release|Any CPU
		{4D84230F-1C33-4CAF-B312-5768AB8B9026}.Release|Any CPU.Build.0 = Release|Any CPU
		{4D84230F-1C33-4CAF-B312-5768AB8B9026}.Release|x64.ActiveCfg = Release|Any CPU
		{4D84230F-1C33-4CAF-B312-5768AB8B9026}.Release|x64.Build.0 = Release|Any CPU
		{4D84230F-1C33-4CAF-B312-5768AB8B9026}.Release|x86.ActiveCfg = Release|Any CPU
		{4D84230F-1C33-4CAF-B312-5768AB8B9026}.Release|x86.Build.0 = Release|Any CPU
		{3C3410B1-5B34-4E71-97B4-960C6A3AC570}.Debug|Any CPU.ActiveCfg = Debug|Any CPU
		{3C3410B1-5B34-4E71-97B4-960C6A3AC570}.Debug|Any CPU.Build.0 = Debug|Any CPU
		{3C3410B1-5B34-4E71-97B4-960C6A3AC570}.Debug|x64.ActiveCfg = Debug|Any CPU
		{3C3410B1-5B34-4E71-97B4-960C6A3AC570}.Debug|x64.Build.0 = Debug|Any CPU
		{3C3410B1-5B34-4E71-97B4-960C6A3AC570}.Debug|x86.ActiveCfg = Debug|Any CPU
		{3C3410B1-5B34-4E71-97B4-960C6A3AC570}.Debug|x86.Build.0 = Debug|Any CPU
		{3C3410B1-5B34-4E71-97B4-960C6A3AC570}.Release|Any CPU.ActiveCfg = Release|Any CPU
		{3C3410B1-5B34-4E71-97B4-960C6A3AC570}.Release|Any CPU.Build.0 = Release|Any CPU
		{3C3410B1-5B34-4E71-97B4-960C6A3AC570}.Release|x64.ActiveCfg = Release|Any CPU
		{3C3410B1-5B34-4E71-97B4-960C6A3AC570}.Release|x64.Build.0 = Release|Any CPU
		{3C3410B1-5B34-4E71-97B4-960C6A3AC570}.Release|x86.ActiveCfg = Release|Any CPU
		{3C3410B1-5B34-4E71-97B4-960C6A3AC570}.Release|x86.Build.0 = Release|Any CPU
	EndGlobalSection
	GlobalSection(SolutionProperties) = preSolution
		HideSolutionNode = FALSE
	EndGlobalSection
	GlobalSection(NestedProjects) = preSolution
		{DB8CB602-AF7F-4F7E-BFF1-E5684783C410} = {827E0CD3-B72D-47B6-A68D-7590B98EB39B}
		{5B73AABD-4B3B-48A6-8B6D-85E0C4121268} = {827E0CD3-B72D-47B6-A68D-7590B98EB39B}
		{7A46719C-82D3-70D2-FF4D-4DAD66ECA9D9} = {827E0CD3-B72D-47B6-A68D-7590B98EB39B}
		{74244D27-6CA0-A987-A01F-327FEE277161} = {7A46719C-82D3-70D2-FF4D-4DAD66ECA9D9}
		{1588C87A-516C-69E4-5A14-2DF90568AF83} = {74244D27-6CA0-A987-A01F-327FEE277161}
		{2CD1CADB-F77F-453B-B9CE-D9573362DAE1} = {1588C87A-516C-69E4-5A14-2DF90568AF83}
		{53283F08-DF4B-76C7-E0ED-4FC868A1CDCF} = {74244D27-6CA0-A987-A01F-327FEE277161}
		{9921739F-1500-4EE6-AD53-1BC4B9864A03} = {53283F08-DF4B-76C7-E0ED-4FC868A1CDCF}
		{9E67FFB9-EC80-7797-21B0-1230D2DBA394} = {74244D27-6CA0-A987-A01F-327FEE277161}
		{B87525F5-CD49-4A9E-B4E8-3BE0C7EDE77D} = {9E67FFB9-EC80-7797-21B0-1230D2DBA394}
		{A452F39F-D897-DAD6-9583-C8C8F4A17871} = {74244D27-6CA0-A987-A01F-327FEE277161}
		{F717FF5F-FAE7-4E04-8481-BB4AE2459AB6} = {A452F39F-D897-DAD6-9583-C8C8F4A17871}
		{763B5262-7596-D4EA-3BA1-A808E90450D9} = {74244D27-6CA0-A987-A01F-327FEE277161}
		{D2F390E4-5D6C-46D1-82B7-66237E2933C2} = {763B5262-7596-D4EA-3BA1-A808E90450D9}
		{4E33D979-E03D-7105-9699-D9125AA9F30A} = {74244D27-6CA0-A987-A01F-327FEE277161}
		{349ADFB5-B2AA-403F-A9CC-067958D4D405} = {4E33D979-E03D-7105-9699-D9125AA9F30A}
		{75273E95-6D10-1ABE-CB05-707489E41185} = {74244D27-6CA0-A987-A01F-327FEE277161}
		{C9D00910-C3B8-49F8-8CB3-AA25EA005E68} = {75273E95-6D10-1ABE-CB05-707489E41185}
		{87D50184-475D-ED95-D4F5-8D00D9A7B18A} = {74244D27-6CA0-A987-A01F-327FEE277161}
		{52051662-E755-43DA-BF07-E7028BEF19FC} = {87D50184-475D-ED95-D4F5-8D00D9A7B18A}
		{C0308D8D-E232-7AEF-BBE3-1CA959F6627B} = {74244D27-6CA0-A987-A01F-327FEE277161}
		{69193D60-9461-46BA-B7F2-4F17B70CCBA3} = {C0308D8D-E232-7AEF-BBE3-1CA959F6627B}
		{931A60C6-0C64-5653-7FE8-1C5188D51BE6} = {74244D27-6CA0-A987-A01F-327FEE277161}
		{74FE910A-32C4-4AB1-9FC5-301B7577E584} = {931A60C6-0C64-5653-7FE8-1C5188D51BE6}
		{3AC4108B-8CCE-917F-715D-9D5E800627E4} = {74244D27-6CA0-A987-A01F-327FEE277161}
		{146A8EF1-683B-BEB8-D73C-C6016F79B8B8} = {3AC4108B-8CCE-917F-715D-9D5E800627E4}
		{4D3E3F7A-310C-414E-B017-AFF31420297B} = {146A8EF1-683B-BEB8-D73C-C6016F79B8B8}
		{E70794C2-97B7-8283-5F58-A62CECE393E5} = {74244D27-6CA0-A987-A01F-327FEE277161}
		{4729BDBB-3345-42E0-8891-4E7016D80357} = {E70794C2-97B7-8283-5F58-A62CECE393E5}
		{5912E14D-B97A-EB71-97C7-954D8711DA1B} = {74244D27-6CA0-A987-A01F-327FEE277161}
		{0C7A84CD-E52E-495C-B468-C09977954FBA} = {5912E14D-B97A-EB71-97C7-954D8711DA1B}
		{81585A9F-7C78-2D77-4B65-5C14D38FE652} = {DEE5DD87-39C1-BF34-B639-A387DCCF972B}
		{41C241D7-EA4B-471F-A9E3-8AF50AFD7E6F} = {81585A9F-7C78-2D77-4B65-5C14D38FE652}
		{E98FE340-C840-D3EB-12E3-90828A62B42D} = {827E0CD3-B72D-47B6-A68D-7590B98EB39B}
		{47F0645A-F6FC-48BC-CA97-DEC9AA9AEB05} = {E98FE340-C840-D3EB-12E3-90828A62B42D}
		{72D4A2CD-D2A8-43E2-ADDD-3B1510014BD0} = {47F0645A-F6FC-48BC-CA97-DEC9AA9AEB05}
		{D54F9E06-1954-D949-1B59-D1FB10282B0E} = {E98FE340-C840-D3EB-12E3-90828A62B42D}
		{4D84230F-1C33-4CAF-B312-5768AB8B9026} = {D54F9E06-1954-D949-1B59-D1FB10282B0E}
		{A333986C-2F95-1CA5-6AA1-852C09AD5854} = {74244D27-6CA0-A987-A01F-327FEE277161}
		{3C3410B1-5B34-4E71-97B4-960C6A3AC570} = {A333986C-2F95-1CA5-6AA1-852C09AD5854}
	EndGlobalSection
EndGlobal
