
Microsoft Visual Studio Solution File, Format Version 12.00
# Visual Studio Version 17
VisualStudioVersion = 17.0.31903.59
MinimumVisualStudioVersion = 10.0.40219.1
Project("{2150E333-8FDC-42A3-9474-1A3956D46DE8}") = "src", "src", "{827E0CD3-B72D-47B6-A68D-7590B98EB39B}"
EndProject
Project("{FAE04EC0-301F-11D3-BF4B-00C04F79EFBC}") = "Terraria.Dome.Simulation", "src\Terraria.Dome.Simulation\Terraria.Dome.Simulation.csproj", "{B117C042-30CC-4604-99E7-E645155A96E4}"
EndProject
Project("{FAE04EC0-301F-11D3-BF4B-00C04F79EFBC}") = "Terraria.Dome.Transport", "src\Terraria.Dome.Transport\Terraria.Dome.Transport.csproj", "{6F4E88FA-7566-4610-802A-5FB51AB34906}"
EndProject
Project("{FAE04EC0-301F-11D3-BF4B-00C04F79EFBC}") = "Terraria.Dome.Server", "src\Terraria.Dome.Server\Terraria.Dome.Server.csproj", "{82998714-265A-4552-B51D-6E92434CBA95}"
EndProject
Project("{2150E333-8FDC-42A3-9474-1A3956D46DE8}") = "Test", "Test", "{0C88DD14-F956-CE84-757C-A364CCF449FC}"
EndProject
Project("{FAE04EC0-301F-11D3-BF4B-00C04F79EFBC}") = "Terraria.Dome.Verification", "Test\Terraria.Dome.Verification\Terraria.Dome.Verification.csproj", "{0BC39C57-63CA-44FF-B40F-E042F72C0DEA}"
EndProject
Project("{FAE04EC0-301F-11D3-BF4B-00C04F79EFBC}") = "Terraria.Dome.Protocol.V1456", "src\Terraria.Dome.Protocol.V1456\Terraria.Dome.Protocol.V1456.csproj", "{58C6D95D-EF56-4576-AF3F-5BFA2009C219}"
EndProject
Project("{FAE04EC0-301F-11D3-BF4B-00C04F79EFBC}") = "Terraria.Dome.World.Verification", "Test\Terraria.Dome.World.Verification\Terraria.Dome.World.Verification.csproj", "{B5419ADB-5004-4872-8EEA-31048625779F}"
EndProject
Project("{FAE04EC0-301F-11D3-BF4B-00C04F79EFBC}") = "Terraria.Dome.World.Protocol.Verification", "Test\Terraria.Dome.World.Protocol.Verification\Terraria.Dome.World.Protocol.Verification.csproj", "{3849DDDD-CF56-4509-80A8-E119BA75E21B}"
EndProject
Project("{FAE04EC0-301F-11D3-BF4B-00C04F79EFBC}") = "Terraria.Dome.World.Server.Verification", "Test\Terraria.Dome.World.Server.Verification\Terraria.Dome.World.Server.Verification.csproj", "{2620FCCC-3867-4F2E-A7EA-CFB9D13EC045}"
EndProject
Project("{FAE04EC0-301F-11D3-BF4B-00C04F79EFBC}") = "Terraria.Dome.World.Loopback.Verification", "Test\Terraria.Dome.World.Loopback.Verification\Terraria.Dome.World.Loopback.Verification.csproj", "{6BD6780D-76C2-49BC-805D-10CC71C2FA60}"
EndProject
Project("{FAE04EC0-301F-11D3-BF4B-00C04F79EFBC}") = "Terraria.Dome.Completion.Verification", "Test\Terraria.Dome.Completion.Verification\Terraria.Dome.Completion.Verification.csproj", "{38ED406E-090F-49C0-81AB-1CB756F61E9D}"
EndProject
Project("{FAE04EC0-301F-11D3-BF4B-00C04F79EFBC}") = "Terraria.Dome.TileInteraction.Verification", "Test\Terraria.Dome.TileInteraction.Verification\Terraria.Dome.TileInteraction.Verification.csproj", "{C7FF6EDA-17CE-443B-A861-A18F06C8F2D3}"
EndProject
Project("{FAE04EC0-301F-11D3-BF4B-00C04F79EFBC}") = "Terraria.Dome.SessionReplication.Verification", "Test\Terraria.Dome.SessionReplication.Verification\Terraria.Dome.SessionReplication.Verification.csproj", "{999F7594-4B63-4A00-831D-CE0FFD6D05F6}"
EndProject
Project("{FAE04EC0-301F-11D3-BF4B-00C04F79EFBC}") = "Terraria.Dome.PlayerAuthority.Verification", "Test\Terraria.Dome.PlayerAuthority.Verification\Terraria.Dome.PlayerAuthority.Verification.csproj", "{DBB3E155-1565-424A-98CD-2061C4ED73EB}"
EndProject
Project("{FAE04EC0-301F-11D3-BF4B-00C04F79EFBC}") = "Terraria.Dome.Items.Verification", "Test\Terraria.Dome.Items.Verification\Terraria.Dome.Items.Verification.csproj", "{F4024FFF-421B-4A50-A123-8E0530F8F117}"
EndProject
Project("{FAE04EC0-301F-11D3-BF4B-00C04F79EFBC}") = "Terraria.Dome.Load.Verification", "Test\Terraria.Dome.Load.Verification\Terraria.Dome.Load.Verification.csproj", "{1B69C4FB-AF1A-4799-8AC9-3968E770310F}"
EndProject
Project("{FAE04EC0-301F-11D3-BF4B-00C04F79EFBC}") = "Terraria.Dome.Persistence.Verification", "Test\Terraria.Dome.Persistence.Verification\Terraria.Dome.Persistence.Verification.csproj", "{BE3CB146-3288-4AED-814E-FABF104AE6D9}"
EndProject
Project("{FAE04EC0-301F-11D3-BF4B-00C04F79EFBC}") = "Terraria.Dome.Combat.Verification", "Test\Terraria.Dome.Combat.Verification\Terraria.Dome.Combat.Verification.csproj", "{3FADE809-9C21-4139-B98F-19540527E26C}"
EndProject
Project("{FAE04EC0-301F-11D3-BF4B-00C04F79EFBC}") = "Terraria.Dome.Combat.Protocol.Verification", "Test\Terraria.Dome.Combat.Protocol.Verification\Terraria.Dome.Combat.Protocol.Verification.csproj", "{7816B591-1B71-4345-82FF-120C7AAF44B6}"
EndProject
Project("{FAE04EC0-301F-11D3-BF4B-00C04F79EFBC}") = "Terraria.Dome.Combat.Loopback.Verification", "Test\Terraria.Dome.Combat.Loopback.Verification\Terraria.Dome.Combat.Loopback.Verification.csproj", "{566C653E-6049-405E-80F7-1BEB5852DEF0}"
EndProject
Project("{FAE04EC0-301F-11D3-BF4B-00C04F79EFBC}") = "Terraria.Dome.Items.Loopback.Verification", "Test\Terraria.Dome.Items.Loopback.Verification\Terraria.Dome.Items.Loopback.Verification.csproj", "{3C630D27-4554-4E34-9492-097D12FC1F4E}"
EndProject
Project("{FAE04EC0-301F-11D3-BF4B-00C04F79EFBC}") = "Terraria.Dome.PlayerLifecycle.Loopback.Verification", "Test\Terraria.Dome.PlayerLifecycle.Loopback.Verification\Terraria.Dome.PlayerLifecycle.Loopback.Verification.csproj", "{43F19897-9A23-415C-956A-B51FB2327D30}"
EndProject
Project("{FAE04EC0-301F-11D3-BF4B-00C04F79EFBC}") = "Terraria.Dome.Persistence.Loopback.Verification", "Test\Terraria.Dome.Persistence.Loopback.Verification\Terraria.Dome.Persistence.Loopback.Verification.csproj", "{B9DE2F76-F419-4F93-9366-C22E5D613CB6}"
EndProject
Project("{FAE04EC0-301F-11D3-BF4B-00C04F79EFBC}") = "Terraria.Dome.WorldObjects.Verification", "Test\Terraria.Dome.WorldObjects.Verification\Terraria.Dome.WorldObjects.Verification.csproj", "{5D8284A8-FDC1-4BE2-8574-B744A1CF37B4}"
EndProject
Project("{FAE04EC0-301F-11D3-BF4B-00C04F79EFBC}") = "Terraria.Dome.WorldObjects.Loopback.Verification", "Test\Terraria.Dome.WorldObjects.Loopback.Verification\Terraria.Dome.WorldObjects.Loopback.Verification.csproj", "{D43AB18B-E7D0-41C8-BB4C-214B9F8E1E34}"
EndProject
Project("{FAE04EC0-301F-11D3-BF4B-00C04F79EFBC}") = "Terraria.Dome.WorldRules.Verification", "Test\Terraria.Dome.WorldRules.Verification\Terraria.Dome.WorldRules.Verification.csproj", "{90DCF889-A01B-44FD-9177-CAC691CF05EC}"
EndProject
Project("{FAE04EC0-301F-11D3-BF4B-00C04F79EFBC}") = "Terraria.Dome.WorldRules.Loopback.Verification", "Test\Terraria.Dome.WorldRules.Loopback.Verification\Terraria.Dome.WorldRules.Loopback.Verification.csproj", "{5123843B-2E5D-43EC-BF84-F5EE2819A4A3}"
EndProject
Project("{FAE04EC0-301F-11D3-BF4B-00C04F79EFBC}") = "Terraria.Dome.WorldMechanics.Verification", "Test\Terraria.Dome.WorldMechanics.Verification\Terraria.Dome.WorldMechanics.Verification.csproj", "{2CA5CB9E-F79C-4C5C-82C3-7E163C2D1842}"
EndProject
Project("{FAE04EC0-301F-11D3-BF4B-00C04F79EFBC}") = "Terraria.Dome.WorldMechanics.Loopback.Verification", "Test\Terraria.Dome.WorldMechanics.Loopback.Verification\Terraria.Dome.WorldMechanics.Loopback.Verification.csproj", "{2AFAC475-689B-4709-9280-138D8305C6DA}"
EndProject
Project("{FAE04EC0-301F-11D3-BF4B-00C04F79EFBC}") = "Terraria.Dome.Hardening.Loopback.Verification", "Test\Terraria.Dome.Hardening.Loopback.Verification\Terraria.Dome.Hardening.Loopback.Verification.csproj", "{AF4F6ECB-AF37-45A3-9D70-8A5CF487003B}"
EndProject
Project("{FAE04EC0-301F-11D3-BF4B-00C04F79EFBC}") = "Terraria.WorldFile.V319", "src\Terraria.WorldFile.V319\Terraria.WorldFile.V319.csproj", "{BE136D74-734C-4192-AFEF-370CF9DD3002}"
EndProject
Project("{FAE04EC0-301F-11D3-BF4B-00C04F79EFBC}") = "Terraria.WorldFile.V319.Verification", "Test\Terraria.WorldFile.V319.Verification\Terraria.WorldFile.V319.Verification.csproj", "{6D421CD8-33F3-4015-98D8-801F89C6264E}"
EndProject
Project("{FAE04EC0-301F-11D3-BF4B-00C04F79EFBC}") = "Terraria.WorldCompatibility", "src\Terraria.WorldCompatibility\Terraria.WorldCompatibility.csproj", "{A18EE68D-BC0A-4B1D-B9D0-36E22F5B7C31}"
EndProject
Project("{FAE04EC0-301F-11D3-BF4B-00C04F79EFBC}") = "Terraria.WorldCompatibility.Verification", "Test\Terraria.WorldCompatibility.Verification\Terraria.WorldCompatibility.Verification.csproj", "{B2A9D5E7-3C41-47CE-A2F8-6D4A9E1B0C52}"
EndProject
Project("{FAE04EC0-301F-11D3-BF4B-00C04F79EFBC}") = "Terraria.Dome.WorldImport.Verification", "Test\Terraria.Dome.WorldImport.Verification\Terraria.Dome.WorldImport.Verification.csproj", "{C3B7F1A2-5D64-48EF-B3A9-7E2C0D6F1A84}"
EndProject
Project("{FAE04EC0-301F-11D3-BF4B-00C04F79EFBC}") = "Terraria.Dome.MainBoundary.Verification", "Test\Terraria.Dome.MainBoundary.Verification\Terraria.Dome.MainBoundary.Verification.csproj", "{AE1CE9FA-92C5-4A4E-8BF5-8F158D4BDEA0}"
EndProject
Project("{FAE04EC0-301F-11D3-BF4B-00C04F79EFBC}") = "Terraria.Dome.Items.Definitions.Verification", "Test\Terraria.Dome.Items.Definitions.Verification\Terraria.Dome.Items.Definitions.Verification.csproj", "{D75DCCF0-6A53-49E8-B430-D1054007E3DA}"
EndProject
Project("{FAE04EC0-301F-11D3-BF4B-00C04F79EFBC}") = "Terraria.Dome.WorldClock.Verification", "Test\Terraria.Dome.WorldClock.Verification\Terraria.Dome.WorldClock.Verification.csproj", "{FFCE03A4-453C-48B3-A008-F024AC0ACA86}"
EndProject
Project("{FAE04EC0-301F-11D3-BF4B-00C04F79EFBC}") = "Terraria.Dome.TickOrder.Verification", "Test\Terraria.Dome.TickOrder.Verification\Terraria.Dome.TickOrder.Verification.csproj", "{D440C3C1-86B1-4BDA-AD3F-DE1ADE4A6122}"
EndProject
Project("{FAE04EC0-301F-11D3-BF4B-00C04F79EFBC}") = "Terraria.Dome.PlayerOwnership.Verification", "Test\Terraria.Dome.PlayerOwnership.Verification\Terraria.Dome.PlayerOwnership.Verification.csproj", "{E351F07C-4AE0-4BCE-9A1D-7A72F840BDA7}"
EndProject
Project("{FAE04EC0-301F-11D3-BF4B-00C04F79EFBC}") = "Terraria.Dome.Combat.Placement.Loopback.Verification", "Test\Terraria.Dome.Combat.Placement.Loopback.Verification\Terraria.Dome.Combat.Placement.Loopback.Verification.csproj", "{5ABA877C-D335-457F-AE2C-142224690380}"
EndProject
Project("{FAE04EC0-301F-11D3-BF4B-00C04F79EFBC}") = "Terraria.Dome.ProjectileHook.Verification", "Test\Terraria.Dome.ProjectileHook.Verification\Terraria.Dome.ProjectileHook.Verification.csproj", "{D654380E-C457-48E5-9873-E63BDF40042E}"
EndProject
Project("{FAE04EC0-301F-11D3-BF4B-00C04F79EFBC}") = "Terraria.Dome.ProjectileHostile.Verification", "Test\Terraria.Dome.ProjectileHostile.Verification\Terraria.Dome.ProjectileHostile.Verification.csproj", "{E4E31D86-BFFF-41F5-82FA-38C931C1E992}"
EndProject
Project("{FAE04EC0-301F-11D3-BF4B-00C04F79EFBC}") = "Terraria.Dome.BuffNoSave.Verification", "Test\Terraria.Dome.BuffNoSave.Verification\Terraria.Dome.BuffNoSave.Verification.csproj", "{E723A875-D78A-4D91-994F-9440E4027A16}"
EndProject
Project("{FAE04EC0-301F-11D3-BF4B-00C04F79EFBC}") = "Terraria.Dome.BuffNoTimeDisplay.Verification", "Test\Terraria.Dome.BuffNoTimeDisplay.Verification\Terraria.Dome.BuffNoTimeDisplay.Verification.csproj", "{C5FED5C7-68B5-4593-84BE-F12203BFB6F0}"
EndProject
Project("{FAE04EC0-301F-11D3-BF4B-00C04F79EFBC}") = "Terraria.Dome.WorldBorderPolicy.Verification", "Test\Terraria.Dome.WorldBorderPolicy.Verification\Terraria.Dome.WorldBorderPolicy.Verification.csproj", "{D49A4D4D-1140-4454-BC2F-EDAFCD85048E}"
EndProject
Project("{FAE04EC0-301F-11D3-BF4B-00C04F79EFBC}") = "Terraria.Dome.DungeonSpawnPoint.Verification", "Test\Terraria.Dome.DungeonSpawnPoint.Verification\Terraria.Dome.DungeonSpawnPoint.Verification.csproj", "{B0110531-DE58-4955-A9BC-C62F1968B495}"
EndProject
Project("{FAE04EC0-301F-11D3-BF4B-00C04F79EFBC}") = "Terraria.Dome.NpcStreamSpeed.Verification", "Test\Terraria.Dome.NpcStreamSpeed.Verification\Terraria.Dome.NpcStreamSpeed.Verification.csproj", "{38BBAFBC-CC74-41C1-AEBF-D16B7B69BCF2}"
EndProject
Project("{FAE04EC0-301F-11D3-BF4B-00C04F79EFBC}") = "Terraria.Dome.WorldViewLimits.Verification", "Test\Terraria.Dome.WorldViewLimits.Verification\Terraria.Dome.WorldViewLimits.Verification.csproj", "{B68550AD-1CC5-461D-8738-9058B22201C0}"
EndProject
Project("{FAE04EC0-301F-11D3-BF4B-00C04F79EFBC}") = "Terraria.Dome.NpcDifficultyOverride.Verification", "Test\Terraria.Dome.NpcDifficultyOverride.Verification\Terraria.Dome.NpcDifficultyOverride.Verification.csproj", "{DC5FB487-27FC-4BD8-BAA2-83F906FB13E4}"
EndProject
Project("{FAE04EC0-301F-11D3-BF4B-00C04F79EFBC}") = "Terraria.Dome.MapRefreshDelay.Verification", "Test\Terraria.Dome.MapRefreshDelay.Verification\Terraria.Dome.MapRefreshDelay.Verification.csproj", "{F14E3F89-269D-4D0E-B25A-A12D40755271}"
EndProject
Project("{FAE04EC0-301F-11D3-BF4B-00C04F79EFBC}") = "Terraria.Dome.LegacyTerrariaVersion.Verification", "Test\Terraria.Dome.LegacyTerrariaVersion.Verification\Terraria.Dome.LegacyTerrariaVersion.Verification.csproj", "{5E6E4A19-67AA-4905-AB13-E15CFC8F0023}"
EndProject
Project("{FAE04EC0-301F-11D3-BF4B-00C04F79EFBC}") = "Terraria.Dome.PyramidStructure.Verification", "Test\Terraria.Dome.PyramidStructure.Verification\Terraria.Dome.PyramidStructure.Verification.csproj", "{DC63B095-8D1E-40B6-B9D8-AE40F79FE662}"
EndProject
Global
	GlobalSection(SolutionConfigurationPlatforms) = preSolution
		Debug|Any CPU = Debug|Any CPU
		Debug|x64 = Debug|x64
		Debug|x86 = Debug|x86
		Release|Any CPU = Release|Any CPU
		Release|x64 = Release|x64
		Release|x86 = Release|x86
	EndGlobalSection
	GlobalSection(ProjectConfigurationPlatforms) = postSolution
		{B117C042-30CC-4604-99E7-E645155A96E4}.Debug|Any CPU.ActiveCfg = Debug|Any CPU
		{B117C042-30CC-4604-99E7-E645155A96E4}.Debug|Any CPU.Build.0 = Debug|Any CPU
		{B117C042-30CC-4604-99E7-E645155A96E4}.Debug|x64.ActiveCfg = Debug|Any CPU
		{B117C042-30CC-4604-99E7-E645155A96E4}.Debug|x64.Build.0 = Debug|Any CPU
		{B117C042-30CC-4604-99E7-E645155A96E4}.Debug|x86.ActiveCfg = Debug|Any CPU
		{B117C042-30CC-4604-99E7-E645155A96E4}.Debug|x86.Build.0 = Debug|Any CPU
		{B117C042-30CC-4604-99E7-E645155A96E4}.Release|Any CPU.ActiveCfg = Release|Any CPU
		{B117C042-30CC-4604-99E7-E645155A96E4}.Release|Any CPU.Build.0 = Release|Any CPU
		{B117C042-30CC-4604-99E7-E645155A96E4}.Release|x64.ActiveCfg = Release|Any CPU
		{B117C042-30CC-4604-99E7-E645155A96E4}.Release|x64.Build.0 = Release|Any CPU
		{B117C042-30CC-4604-99E7-E645155A96E4}.Release|x86.ActiveCfg = Release|Any CPU
		{B117C042-30CC-4604-99E7-E645155A96E4}.Release|x86.Build.0 = Release|Any CPU
		{6F4E88FA-7566-4610-802A-5FB51AB34906}.Debug|Any CPU.ActiveCfg = Debug|Any CPU
		{6F4E88FA-7566-4610-802A-5FB51AB34906}.Debug|Any CPU.Build.0 = Debug|Any CPU
		{6F4E88FA-7566-4610-802A-5FB51AB34906}.Debug|x64.ActiveCfg = Debug|Any CPU
		{6F4E88FA-7566-4610-802A-5FB51AB34906}.Debug|x64.Build.0 = Debug|Any CPU
		{6F4E88FA-7566-4610-802A-5FB51AB34906}.Debug|x86.ActiveCfg = Debug|Any CPU
		{6F4E88FA-7566-4610-802A-5FB51AB34906}.Debug|x86.Build.0 = Debug|Any CPU
		{6F4E88FA-7566-4610-802A-5FB51AB34906}.Release|Any CPU.ActiveCfg = Release|Any CPU
		{6F4E88FA-7566-4610-802A-5FB51AB34906}.Release|Any CPU.Build.0 = Release|Any CPU
		{6F4E88FA-7566-4610-802A-5FB51AB34906}.Release|x64.ActiveCfg = Release|Any CPU
		{6F4E88FA-7566-4610-802A-5FB51AB34906}.Release|x64.Build.0 = Release|Any CPU
		{6F4E88FA-7566-4610-802A-5FB51AB34906}.Release|x86.ActiveCfg = Release|Any CPU
		{6F4E88FA-7566-4610-802A-5FB51AB34906}.Release|x86.Build.0 = Release|Any CPU
		{82998714-265A-4552-B51D-6E92434CBA95}.Debug|Any CPU.ActiveCfg = Debug|Any CPU
		{82998714-265A-4552-B51D-6E92434CBA95}.Debug|Any CPU.Build.0 = Debug|Any CPU
		{82998714-265A-4552-B51D-6E92434CBA95}.Debug|x64.ActiveCfg = Debug|Any CPU
		{82998714-265A-4552-B51D-6E92434CBA95}.Debug|x64.Build.0 = Debug|Any CPU
		{82998714-265A-4552-B51D-6E92434CBA95}.Debug|x86.ActiveCfg = Debug|Any CPU
		{82998714-265A-4552-B51D-6E92434CBA95}.Debug|x86.Build.0 = Debug|Any CPU
		{82998714-265A-4552-B51D-6E92434CBA95}.Release|Any CPU.ActiveCfg = Release|Any CPU
		{82998714-265A-4552-B51D-6E92434CBA95}.Release|Any CPU.Build.0 = Release|Any CPU
		{82998714-265A-4552-B51D-6E92434CBA95}.Release|x64.ActiveCfg = Release|Any CPU
		{82998714-265A-4552-B51D-6E92434CBA95}.Release|x64.Build.0 = Release|Any CPU
		{82998714-265A-4552-B51D-6E92434CBA95}.Release|x86.ActiveCfg = Release|Any CPU
		{82998714-265A-4552-B51D-6E92434CBA95}.Release|x86.Build.0 = Release|Any CPU
		{0BC39C57-63CA-44FF-B40F-E042F72C0DEA}.Debug|Any CPU.ActiveCfg = Debug|Any CPU
		{0BC39C57-63CA-44FF-B40F-E042F72C0DEA}.Debug|Any CPU.Build.0 = Debug|Any CPU
		{0BC39C57-63CA-44FF-B40F-E042F72C0DEA}.Debug|x64.ActiveCfg = Debug|Any CPU
		{0BC39C57-63CA-44FF-B40F-E042F72C0DEA}.Debug|x64.Build.0 = Debug|Any CPU
		{0BC39C57-63CA-44FF-B40F-E042F72C0DEA}.Debug|x86.ActiveCfg = Debug|Any CPU
		{0BC39C57-63CA-44FF-B40F-E042F72C0DEA}.Debug|x86.Build.0 = Debug|Any CPU
		{0BC39C57-63CA-44FF-B40F-E042F72C0DEA}.Release|Any CPU.ActiveCfg = Release|Any CPU
		{0BC39C57-63CA-44FF-B40F-E042F72C0DEA}.Release|Any CPU.Build.0 = Release|Any CPU
		{0BC39C57-63CA-44FF-B40F-E042F72C0DEA}.Release|x64.ActiveCfg = Release|Any CPU
		{0BC39C57-63CA-44FF-B40F-E042F72C0DEA}.Release|x64.Build.0 = Release|Any CPU
		{0BC39C57-63CA-44FF-B40F-E042F72C0DEA}.Release|x86.ActiveCfg = Release|Any CPU
		{0BC39C57-63CA-44FF-B40F-E042F72C0DEA}.Release|x86.Build.0 = Release|Any CPU
		{58C6D95D-EF56-4576-AF3F-5BFA2009C219}.Debug|Any CPU.ActiveCfg = Debug|Any CPU
		{58C6D95D-EF56-4576-AF3F-5BFA2009C219}.Debug|Any CPU.Build.0 = Debug|Any CPU
		{58C6D95D-EF56-4576-AF3F-5BFA2009C219}.Debug|x64.ActiveCfg = Debug|Any CPU
		{58C6D95D-EF56-4576-AF3F-5BFA2009C219}.Debug|x64.Build.0 = Debug|Any CPU
		{58C6D95D-EF56-4576-AF3F-5BFA2009C219}.Debug|x86.ActiveCfg = Debug|Any CPU
		{58C6D95D-EF56-4576-AF3F-5BFA2009C219}.Debug|x86.Build.0 = Debug|Any CPU
		{58C6D95D-EF56-4576-AF3F-5BFA2009C219}.Release|Any CPU.ActiveCfg = Release|Any CPU
		{58C6D95D-EF56-4576-AF3F-5BFA2009C219}.Release|Any CPU.Build.0 = Release|Any CPU
		{58C6D95D-EF56-4576-AF3F-5BFA2009C219}.Release|x64.ActiveCfg = Release|Any CPU
		{58C6D95D-EF56-4576-AF3F-5BFA2009C219}.Release|x64.Build.0 = Release|Any CPU
		{58C6D95D-EF56-4576-AF3F-5BFA2009C219}.Release|x86.ActiveCfg = Release|Any CPU
		{58C6D95D-EF56-4576-AF3F-5BFA2009C219}.Release|x86.Build.0 = Release|Any CPU
		{B5419ADB-5004-4872-8EEA-31048625779F}.Debug|Any CPU.ActiveCfg = Debug|Any CPU
		{B5419ADB-5004-4872-8EEA-31048625779F}.Debug|Any CPU.Build.0 = Debug|Any CPU
		{B5419ADB-5004-4872-8EEA-31048625779F}.Debug|x64.ActiveCfg = Debug|Any CPU
		{B5419ADB-5004-4872-8EEA-31048625779F}.Debug|x64.Build.0 = Debug|Any CPU
		{B5419ADB-5004-4872-8EEA-31048625779F}.Debug|x86.ActiveCfg = Debug|Any CPU
		{B5419ADB-5004-4872-8EEA-31048625779F}.Debug|x86.Build.0 = Debug|Any CPU
		{B5419ADB-5004-4872-8EEA-31048625779F}.Release|Any CPU.ActiveCfg = Release|Any CPU
		{B5419ADB-5004-4872-8EEA-31048625779F}.Release|Any CPU.Build.0 = Release|Any CPU
		{B5419ADB-5004-4872-8EEA-31048625779F}.Release|x64.ActiveCfg = Release|Any CPU
		{B5419ADB-5004-4872-8EEA-31048625779F}.Release|x64.Build.0 = Release|Any CPU
		{B5419ADB-5004-4872-8EEA-31048625779F}.Release|x86.ActiveCfg = Release|Any CPU
		{B5419ADB-5004-4872-8EEA-31048625779F}.Release|x86.Build.0 = Release|Any CPU
		{3849DDDD-CF56-4509-80A8-E119BA75E21B}.Debug|Any CPU.ActiveCfg = Debug|Any CPU
		{3849DDDD-CF56-4509-80A8-E119BA75E21B}.Debug|Any CPU.Build.0 = Debug|Any CPU
		{3849DDDD-CF56-4509-80A8-E119BA75E21B}.Debug|x64.ActiveCfg = Debug|Any CPU
		{3849DDDD-CF56-4509-80A8-E119BA75E21B}.Debug|x64.Build.0 = Debug|Any CPU
		{3849DDDD-CF56-4509-80A8-E119BA75E21B}.Debug|x86.ActiveCfg = Debug|Any CPU
		{3849DDDD-CF56-4509-80A8-E119BA75E21B}.Debug|x86.Build.0 = Debug|Any CPU
		{3849DDDD-CF56-4509-80A8-E119BA75E21B}.Release|Any CPU.ActiveCfg = Release|Any CPU
		{3849DDDD-CF56-4509-80A8-E119BA75E21B}.Release|Any CPU.Build.0 = Release|Any CPU
		{3849DDDD-CF56-4509-80A8-E119BA75E21B}.Release|x64.ActiveCfg = Release|Any CPU
		{3849DDDD-CF56-4509-80A8-E119BA75E21B}.Release|x64.Build.0 = Release|Any CPU
		{3849DDDD-CF56-4509-80A8-E119BA75E21B}.Release|x86.ActiveCfg = Release|Any CPU
		{3849DDDD-CF56-4509-80A8-E119BA75E21B}.Release|x86.Build.0 = Release|Any CPU
		{2620FCCC-3867-4F2E-A7EA-CFB9D13EC045}.Debug|Any CPU.ActiveCfg = Debug|Any CPU
		{2620FCCC-3867-4F2E-A7EA-CFB9D13EC045}.Debug|Any CPU.Build.0 = Debug|Any CPU
		{2620FCCC-3867-4F2E-A7EA-CFB9D13EC045}.Debug|x64.ActiveCfg = Debug|Any CPU
		{2620FCCC-3867-4F2E-A7EA-CFB9D13EC045}.Debug|x64.Build.0 = Debug|Any CPU
		{2620FCCC-3867-4F2E-A7EA-CFB9D13EC045}.Debug|x86.ActiveCfg = Debug|Any CPU
		{2620FCCC-3867-4F2E-A7EA-CFB9D13EC045}.Debug|x86.Build.0 = Debug|Any CPU
		{2620FCCC-3867-4F2E-A7EA-CFB9D13EC045}.Release|Any CPU.ActiveCfg = Release|Any CPU
		{2620FCCC-3867-4F2E-A7EA-CFB9D13EC045}.Release|Any CPU.Build.0 = Release|Any CPU
		{2620FCCC-3867-4F2E-A7EA-CFB9D13EC045}.Release|x64.ActiveCfg = Release|Any CPU
		{2620FCCC-3867-4F2E-A7EA-CFB9D13EC045}.Release|x64.Build.0 = Release|Any CPU
		{2620FCCC-3867-4F2E-A7EA-CFB9D13EC045}.Release|x86.ActiveCfg = Release|Any CPU
		{2620FCCC-3867-4F2E-A7EA-CFB9D13EC045}.Release|x86.Build.0 = Release|Any CPU
		{6BD6780D-76C2-49BC-805D-10CC71C2FA60}.Debug|Any CPU.ActiveCfg = Debug|Any CPU
		{6BD6780D-76C2-49BC-805D-10CC71C2FA60}.Debug|Any CPU.Build.0 = Debug|Any CPU
		{6BD6780D-76C2-49BC-805D-10CC71C2FA60}.Debug|x64.ActiveCfg = Debug|Any CPU
		{6BD6780D-76C2-49BC-805D-10CC71C2FA60}.Debug|x64.Build.0 = Debug|Any CPU
		{6BD6780D-76C2-49BC-805D-10CC71C2FA60}.Debug|x86.ActiveCfg = Debug|Any CPU
		{6BD6780D-76C2-49BC-805D-10CC71C2FA60}.Debug|x86.Build.0 = Debug|Any CPU
		{6BD6780D-76C2-49BC-805D-10CC71C2FA60}.Release|Any CPU.ActiveCfg = Release|Any CPU
		{6BD6780D-76C2-49BC-805D-10CC71C2FA60}.Release|Any CPU.Build.0 = Release|Any CPU
		{6BD6780D-76C2-49BC-805D-10CC71C2FA60}.Release|x64.ActiveCfg = Release|Any CPU
		{6BD6780D-76C2-49BC-805D-10CC71C2FA60}.Release|x64.Build.0 = Release|Any CPU
		{6BD6780D-76C2-49BC-805D-10CC71C2FA60}.Release|x86.ActiveCfg = Release|Any CPU
		{6BD6780D-76C2-49BC-805D-10CC71C2FA60}.Release|x86.Build.0 = Release|Any CPU
		{38ED406E-090F-49C0-81AB-1CB756F61E9D}.Debug|Any CPU.ActiveCfg = Debug|Any CPU
		{38ED406E-090F-49C0-81AB-1CB756F61E9D}.Debug|Any CPU.Build.0 = Debug|Any CPU
		{38ED406E-090F-49C0-81AB-1CB756F61E9D}.Debug|x64.ActiveCfg = Debug|Any CPU
		{38ED406E-090F-49C0-81AB-1CB756F61E9D}.Debug|x64.Build.0 = Debug|Any CPU
		{38ED406E-090F-49C0-81AB-1CB756F61E9D}.Debug|x86.ActiveCfg = Debug|Any CPU
		{38ED406E-090F-49C0-81AB-1CB756F61E9D}.Debug|x86.Build.0 = Debug|Any CPU
		{38ED406E-090F-49C0-81AB-1CB756F61E9D}.Release|Any CPU.ActiveCfg = Release|Any CPU
		{38ED406E-090F-49C0-81AB-1CB756F61E9D}.Release|Any CPU.Build.0 = Release|Any CPU
		{38ED406E-090F-49C0-81AB-1CB756F61E9D}.Release|x64.ActiveCfg = Release|Any CPU
		{38ED406E-090F-49C0-81AB-1CB756F61E9D}.Release|x64.Build.0 = Release|Any CPU
		{38ED406E-090F-49C0-81AB-1CB756F61E9D}.Release|x86.ActiveCfg = Release|Any CPU
		{38ED406E-090F-49C0-81AB-1CB756F61E9D}.Release|x86.Build.0 = Release|Any CPU
		{C7FF6EDA-17CE-443B-A861-A18F06C8F2D3}.Debug|Any CPU.ActiveCfg = Debug|Any CPU
		{C7FF6EDA-17CE-443B-A861-A18F06C8F2D3}.Debug|Any CPU.Build.0 = Debug|Any CPU
		{C7FF6EDA-17CE-443B-A861-A18F06C8F2D3}.Debug|x64.ActiveCfg = Debug|Any CPU
		{C7FF6EDA-17CE-443B-A861-A18F06C8F2D3}.Debug|x64.Build.0 = Debug|Any CPU
		{C7FF6EDA-17CE-443B-A861-A18F06C8F2D3}.Debug|x86.ActiveCfg = Debug|Any CPU
		{C7FF6EDA-17CE-443B-A861-A18F06C8F2D3}.Debug|x86.Build.0 = Debug|Any CPU
		{C7FF6EDA-17CE-443B-A861-A18F06C8F2D3}.Release|Any CPU.ActiveCfg = Release|Any CPU
		{C7FF6EDA-17CE-443B-A861-A18F06C8F2D3}.Release|Any CPU.Build.0 = Release|Any CPU
		{C7FF6EDA-17CE-443B-A861-A18F06C8F2D3}.Release|x64.ActiveCfg = Release|Any CPU
		{C7FF6EDA-17CE-443B-A861-A18F06C8F2D3}.Release|x64.Build.0 = Release|Any CPU
		{C7FF6EDA-17CE-443B-A861-A18F06C8F2D3}.Release|x86.ActiveCfg = Release|Any CPU
		{C7FF6EDA-17CE-443B-A861-A18F06C8F2D3}.Release|x86.Build.0 = Release|Any CPU
		{999F7594-4B63-4A00-831D-CE0FFD6D05F6}.Debug|Any CPU.ActiveCfg = Debug|Any CPU
		{999F7594-4B63-4A00-831D-CE0FFD6D05F6}.Debug|Any CPU.Build.0 = Debug|Any CPU
		{999F7594-4B63-4A00-831D-CE0FFD6D05F6}.Debug|x64.ActiveCfg = Debug|Any CPU
		{999F7594-4B63-4A00-831D-CE0FFD6D05F6}.Debug|x64.Build.0 = Debug|Any CPU
		{999F7594-4B63-4A00-831D-CE0FFD6D05F6}.Debug|x86.ActiveCfg = Debug|Any CPU
		{999F7594-4B63-4A00-831D-CE0FFD6D05F6}.Debug|x86.Build.0 = Debug|Any CPU
		{999F7594-4B63-4A00-831D-CE0FFD6D05F6}.Release|Any CPU.ActiveCfg = Release|Any CPU
		{999F7594-4B63-4A00-831D-CE0FFD6D05F6}.Release|Any CPU.Build.0 = Release|Any CPU
		{999F7594-4B63-4A00-831D-CE0FFD6D05F6}.Release|x64.ActiveCfg = Release|Any CPU
		{999F7594-4B63-4A00-831D-CE0FFD6D05F6}.Release|x64.Build.0 = Release|Any CPU
		{999F7594-4B63-4A00-831D-CE0FFD6D05F6}.Release|x86.ActiveCfg = Release|Any CPU
		{999F7594-4B63-4A00-831D-CE0FFD6D05F6}.Release|x86.Build.0 = Release|Any CPU
		{DBB3E155-1565-424A-98CD-2061C4ED73EB}.Debug|Any CPU.ActiveCfg = Debug|Any CPU
		{DBB3E155-1565-424A-98CD-2061C4ED73EB}.Debug|Any CPU.Build.0 = Debug|Any CPU
		{DBB3E155-1565-424A-98CD-2061C4ED73EB}.Debug|x64.ActiveCfg = Debug|Any CPU
		{DBB3E155-1565-424A-98CD-2061C4ED73EB}.Debug|x64.Build.0 = Debug|Any CPU
		{DBB3E155-1565-424A-98CD-2061C4ED73EB}.Debug|x86.ActiveCfg = Debug|Any CPU
		{DBB3E155-1565-424A-98CD-2061C4ED73EB}.Debug|x86.Build.0 = Debug|Any CPU
		{DBB3E155-1565-424A-98CD-2061C4ED73EB}.Release|Any CPU.ActiveCfg = Release|Any CPU
		{DBB3E155-1565-424A-98CD-2061C4ED73EB}.Release|Any CPU.Build.0 = Release|Any CPU
		{DBB3E155-1565-424A-98CD-2061C4ED73EB}.Release|x64.ActiveCfg = Release|Any CPU
		{DBB3E155-1565-424A-98CD-2061C4ED73EB}.Release|x64.Build.0 = Release|Any CPU
		{DBB3E155-1565-424A-98CD-2061C4ED73EB}.Release|x86.ActiveCfg = Release|Any CPU
		{DBB3E155-1565-424A-98CD-2061C4ED73EB}.Release|x86.Build.0 = Release|Any CPU
		{F4024FFF-421B-4A50-A123-8E0530F8F117}.Debug|Any CPU.ActiveCfg = Debug|Any CPU
		{F4024FFF-421B-4A50-A123-8E0530F8F117}.Debug|Any CPU.Build.0 = Debug|Any CPU
		{F4024FFF-421B-4A50-A123-8E0530F8F117}.Debug|x64.ActiveCfg = Debug|Any CPU
		{F4024FFF-421B-4A50-A123-8E0530F8F117}.Debug|x64.Build.0 = Debug|Any CPU
		{F4024FFF-421B-4A50-A123-8E0530F8F117}.Debug|x86.ActiveCfg = Debug|Any CPU
		{F4024FFF-421B-4A50-A123-8E0530F8F117}.Debug|x86.Build.0 = Debug|Any CPU
		{F4024FFF-421B-4A50-A123-8E0530F8F117}.Release|Any CPU.ActiveCfg = Release|Any CPU
		{F4024FFF-421B-4A50-A123-8E0530F8F117}.Release|Any CPU.Build.0 = Release|Any CPU
		{F4024FFF-421B-4A50-A123-8E0530F8F117}.Release|x64.ActiveCfg = Release|Any CPU
		{F4024FFF-421B-4A50-A123-8E0530F8F117}.Release|x64.Build.0 = Release|Any CPU
		{F4024FFF-421B-4A50-A123-8E0530F8F117}.Release|x86.ActiveCfg = Release|Any CPU
		{F4024FFF-421B-4A50-A123-8E0530F8F117}.Release|x86.Build.0 = Release|Any CPU
		{1B69C4FB-AF1A-4799-8AC9-3968E770310F}.Debug|Any CPU.ActiveCfg = Debug|Any CPU
		{1B69C4FB-AF1A-4799-8AC9-3968E770310F}.Debug|Any CPU.Build.0 = Debug|Any CPU
		{1B69C4FB-AF1A-4799-8AC9-3968E770310F}.Debug|x64.ActiveCfg = Debug|Any CPU
		{1B69C4FB-AF1A-4799-8AC9-3968E770310F}.Debug|x64.Build.0 = Debug|Any CPU
		{1B69C4FB-AF1A-4799-8AC9-3968E770310F}.Debug|x86.ActiveCfg = Debug|Any CPU
		{1B69C4FB-AF1A-4799-8AC9-3968E770310F}.Debug|x86.Build.0 = Debug|Any CPU
		{1B69C4FB-AF1A-4799-8AC9-3968E770310F}.Release|Any CPU.ActiveCfg = Release|Any CPU
		{1B69C4FB-AF1A-4799-8AC9-3968E770310F}.Release|Any CPU.Build.0 = Release|Any CPU
		{1B69C4FB-AF1A-4799-8AC9-3968E770310F}.Release|x64.ActiveCfg = Release|Any CPU
		{1B69C4FB-AF1A-4799-8AC9-3968E770310F}.Release|x64.Build.0 = Release|Any CPU
		{1B69C4FB-AF1A-4799-8AC9-3968E770310F}.Release|x86.ActiveCfg = Release|Any CPU
		{1B69C4FB-AF1A-4799-8AC9-3968E770310F}.Release|x86.Build.0 = Release|Any CPU
		{BE3CB146-3288-4AED-814E-FABF104AE6D9}.Debug|Any CPU.ActiveCfg = Debug|Any CPU
		{BE3CB146-3288-4AED-814E-FABF104AE6D9}.Debug|Any CPU.Build.0 = Debug|Any CPU
		{BE3CB146-3288-4AED-814E-FABF104AE6D9}.Debug|x64.ActiveCfg = Debug|Any CPU
		{BE3CB146-3288-4AED-814E-FABF104AE6D9}.Debug|x64.Build.0 = Debug|Any CPU
		{BE3CB146-3288-4AED-814E-FABF104AE6D9}.Debug|x86.ActiveCfg = Debug|Any CPU
		{BE3CB146-3288-4AED-814E-FABF104AE6D9}.Debug|x86.Build.0 = Debug|Any CPU
		{BE3CB146-3288-4AED-814E-FABF104AE6D9}.Release|Any CPU.ActiveCfg = Release|Any CPU
		{BE3CB146-3288-4AED-814E-FABF104AE6D9}.Release|Any CPU.Build.0 = Release|Any CPU
		{BE3CB146-3288-4AED-814E-FABF104AE6D9}.Release|x64.ActiveCfg = Release|Any CPU
		{BE3CB146-3288-4AED-814E-FABF104AE6D9}.Release|x64.Build.0 = Release|Any CPU
		{BE3CB146-3288-4AED-814E-FABF104AE6D9}.Release|x86.ActiveCfg = Release|Any CPU
		{BE3CB146-3288-4AED-814E-FABF104AE6D9}.Release|x86.Build.0 = Release|Any CPU
		{3FADE809-9C21-4139-B98F-19540527E26C}.Debug|Any CPU.ActiveCfg = Debug|Any CPU
		{3FADE809-9C21-4139-B98F-19540527E26C}.Debug|Any CPU.Build.0 = Debug|Any CPU
		{3FADE809-9C21-4139-B98F-19540527E26C}.Debug|x64.ActiveCfg = Debug|Any CPU
		{3FADE809-9C21-4139-B98F-19540527E26C}.Debug|x64.Build.0 = Debug|Any CPU
		{3FADE809-9C21-4139-B98F-19540527E26C}.Debug|x86.ActiveCfg = Debug|Any CPU
		{3FADE809-9C21-4139-B98F-19540527E26C}.Debug|x86.Build.0 = Debug|Any CPU
		{3FADE809-9C21-4139-B98F-19540527E26C}.Release|Any CPU.ActiveCfg = Release|Any CPU
		{3FADE809-9C21-4139-B98F-19540527E26C}.Release|Any CPU.Build.0 = Release|Any CPU
		{3FADE809-9C21-4139-B98F-19540527E26C}.Release|x64.ActiveCfg = Release|Any CPU
		{3FADE809-9C21-4139-B98F-19540527E26C}.Release|x64.Build.0 = Release|Any CPU
		{3FADE809-9C21-4139-B98F-19540527E26C}.Release|x86.ActiveCfg = Release|Any CPU
		{3FADE809-9C21-4139-B98F-19540527E26C}.Release|x86.Build.0 = Release|Any CPU
		{7816B591-1B71-4345-82FF-120C7AAF44B6}.Debug|Any CPU.ActiveCfg = Debug|Any CPU
		{7816B591-1B71-4345-82FF-120C7AAF44B6}.Debug|Any CPU.Build.0 = Debug|Any CPU
		{7816B591-1B71-4345-82FF-120C7AAF44B6}.Debug|x64.ActiveCfg = Debug|Any CPU
		{7816B591-1B71-4345-82FF-120C7AAF44B6}.Debug|x64.Build.0 = Debug|Any CPU
		{7816B591-1B71-4345-82FF-120C7AAF44B6}.Debug|x86.ActiveCfg = Debug|Any CPU
		{7816B591-1B71-4345-82FF-120C7AAF44B6}.Debug|x86.Build.0 = Debug|Any CPU
		{7816B591-1B71-4345-82FF-120C7AAF44B6}.Release|Any CPU.ActiveCfg = Release|Any CPU
		{7816B591-1B71-4345-82FF-120C7AAF44B6}.Release|Any CPU.Build.0 = Release|Any CPU
		{7816B591-1B71-4345-82FF-120C7AAF44B6}.Release|x64.ActiveCfg = Release|Any CPU
		{7816B591-1B71-4345-82FF-120C7AAF44B6}.Release|x64.Build.0 = Release|Any CPU
		{7816B591-1B71-4345-82FF-120C7AAF44B6}.Release|x86.ActiveCfg = Release|Any CPU
		{7816B591-1B71-4345-82FF-120C7AAF44B6}.Release|x86.Build.0 = Release|Any CPU
		{566C653E-6049-405E-80F7-1BEB5852DEF0}.Debug|Any CPU.ActiveCfg = Debug|Any CPU
		{566C653E-6049-405E-80F7-1BEB5852DEF0}.Debug|Any CPU.Build.0 = Debug|Any CPU
		{566C653E-6049-405E-80F7-1BEB5852DEF0}.Debug|x64.ActiveCfg = Debug|Any CPU
		{566C653E-6049-405E-80F7-1BEB5852DEF0}.Debug|x64.Build.0 = Debug|Any CPU
		{566C653E-6049-405E-80F7-1BEB5852DEF0}.Debug|x86.ActiveCfg = Debug|Any CPU
		{566C653E-6049-405E-80F7-1BEB5852DEF0}.Debug|x86.Build.0 = Debug|Any CPU
		{566C653E-6049-405E-80F7-1BEB5852DEF0}.Release|Any CPU.ActiveCfg = Release|Any CPU
		{566C653E-6049-405E-80F7-1BEB5852DEF0}.Release|Any CPU.Build.0 = Release|Any CPU
		{566C653E-6049-405E-80F7-1BEB5852DEF0}.Release|x64.ActiveCfg = Release|Any CPU
		{566C653E-6049-405E-80F7-1BEB5852DEF0}.Release|x64.Build.0 = Release|Any CPU
		{566C653E-6049-405E-80F7-1BEB5852DEF0}.Release|x86.ActiveCfg = Release|Any CPU
		{566C653E-6049-405E-80F7-1BEB5852DEF0}.Release|x86.Build.0 = Release|Any CPU
		{3C630D27-4554-4E34-9492-097D12FC1F4E}.Debug|Any CPU.ActiveCfg = Debug|Any CPU
		{3C630D27-4554-4E34-9492-097D12FC1F4E}.Debug|Any CPU.Build.0 = Debug|Any CPU
		{3C630D27-4554-4E34-9492-097D12FC1F4E}.Debug|x64.ActiveCfg = Debug|Any CPU
		{3C630D27-4554-4E34-9492-097D12FC1F4E}.Debug|x64.Build.0 = Debug|Any CPU
		{3C630D27-4554-4E34-9492-097D12FC1F4E}.Debug|x86.ActiveCfg = Debug|Any CPU
		{3C630D27-4554-4E34-9492-097D12FC1F4E}.Debug|x86.Build.0 = Debug|Any CPU
		{3C630D27-4554-4E34-9492-097D12FC1F4E}.Release|Any CPU.ActiveCfg = Release|Any CPU
		{3C630D27-4554-4E34-9492-097D12FC1F4E}.Release|Any CPU.Build.0 = Release|Any CPU
		{3C630D27-4554-4E34-9492-097D12FC1F4E}.Release|x64.ActiveCfg = Release|Any CPU
		{3C630D27-4554-4E34-9492-097D12FC1F4E}.Release|x64.Build.0 = Release|Any CPU
		{3C630D27-4554-4E34-9492-097D12FC1F4E}.Release|x86.ActiveCfg = Release|Any CPU
		{3C630D27-4554-4E34-9492-097D12FC1F4E}.Release|x86.Build.0 = Release|Any CPU
		{43F19897-9A23-415C-956A-B51FB2327D30}.Debug|Any CPU.ActiveCfg = Debug|Any CPU
		{43F19897-9A23-415C-956A-B51FB2327D30}.Debug|Any CPU.Build.0 = Debug|Any CPU
		{43F19897-9A23-415C-956A-B51FB2327D30}.Debug|x64.ActiveCfg = Debug|Any CPU
		{43F19897-9A23-415C-956A-B51FB2327D30}.Debug|x64.Build.0 = Debug|Any CPU
		{43F19897-9A23-415C-956A-B51FB2327D30}.Debug|x86.ActiveCfg = Debug|Any CPU
		{43F19897-9A23-415C-956A-B51FB2327D30}.Debug|x86.Build.0 = Debug|Any CPU
		{43F19897-9A23-415C-956A-B51FB2327D30}.Release|Any CPU.ActiveCfg = Release|Any CPU
		{43F19897-9A23-415C-956A-B51FB2327D30}.Release|Any CPU.Build.0 = Release|Any CPU
		{43F19897-9A23-415C-956A-B51FB2327D30}.Release|x64.ActiveCfg = Release|Any CPU
		{43F19897-9A23-415C-956A-B51FB2327D30}.Release|x64.Build.0 = Release|Any CPU
		{43F19897-9A23-415C-956A-B51FB2327D30}.Release|x86.ActiveCfg = Release|Any CPU
		{43F19897-9A23-415C-956A-B51FB2327D30}.Release|x86.Build.0 = Release|Any CPU
		{B9DE2F76-F419-4F93-9366-C22E5D613CB6}.Debug|Any CPU.ActiveCfg = Debug|Any CPU
		{B9DE2F76-F419-4F93-9366-C22E5D613CB6}.Debug|Any CPU.Build.0 = Debug|Any CPU
		{B9DE2F76-F419-4F93-9366-C22E5D613CB6}.Debug|x64.ActiveCfg = Debug|Any CPU
		{B9DE2F76-F419-4F93-9366-C22E5D613CB6}.Debug|x64.Build.0 = Debug|Any CPU
		{B9DE2F76-F419-4F93-9366-C22E5D613CB6}.Debug|x86.ActiveCfg = Debug|Any CPU
		{B9DE2F76-F419-4F93-9366-C22E5D613CB6}.Debug|x86.Build.0 = Debug|Any CPU
		{B9DE2F76-F419-4F93-9366-C22E5D613CB6}.Release|Any CPU.ActiveCfg = Release|Any CPU
		{B9DE2F76-F419-4F93-9366-C22E5D613CB6}.Release|Any CPU.Build.0 = Release|Any CPU
		{B9DE2F76-F419-4F93-9366-C22E5D613CB6}.Release|x64.ActiveCfg = Release|Any CPU
		{B9DE2F76-F419-4F93-9366-C22E5D613CB6}.Release|x64.Build.0 = Release|Any CPU
		{B9DE2F76-F419-4F93-9366-C22E5D613CB6}.Release|x86.ActiveCfg = Release|Any CPU
		{B9DE2F76-F419-4F93-9366-C22E5D613CB6}.Release|x86.Build.0 = Release|Any CPU
		{5D8284A8-FDC1-4BE2-8574-B744A1CF37B4}.Debug|Any CPU.ActiveCfg = Debug|Any CPU
		{5D8284A8-FDC1-4BE2-8574-B744A1CF37B4}.Debug|Any CPU.Build.0 = Debug|Any CPU
		{5D8284A8-FDC1-4BE2-8574-B744A1CF37B4}.Debug|x64.ActiveCfg = Debug|Any CPU
		{5D8284A8-FDC1-4BE2-8574-B744A1CF37B4}.Debug|x64.Build.0 = Debug|Any CPU
		{5D8284A8-FDC1-4BE2-8574-B744A1CF37B4}.Debug|x86.ActiveCfg = Debug|Any CPU
		{5D8284A8-FDC1-4BE2-8574-B744A1CF37B4}.Debug|x86.Build.0 = Debug|Any CPU
		{5D8284A8-FDC1-4BE2-8574-B744A1CF37B4}.Release|Any CPU.ActiveCfg = Release|Any CPU
		{5D8284A8-FDC1-4BE2-8574-B744A1CF37B4}.Release|Any CPU.Build.0 = Release|Any CPU
		{5D8284A8-FDC1-4BE2-8574-B744A1CF37B4}.Release|x64.ActiveCfg = Release|Any CPU
		{5D8284A8-FDC1-4BE2-8574-B744A1CF37B4}.Release|x64.Build.0 = Release|Any CPU
		{5D8284A8-FDC1-4BE2-8574-B744A1CF37B4}.Release|x86.ActiveCfg = Release|Any CPU
		{5D8284A8-FDC1-4BE2-8574-B744A1CF37B4}.Release|x86.Build.0 = Release|Any CPU
		{D43AB18B-E7D0-41C8-BB4C-214B9F8E1E34}.Debug|Any CPU.ActiveCfg = Debug|Any CPU
		{D43AB18B-E7D0-41C8-BB4C-214B9F8E1E34}.Debug|Any CPU.Build.0 = Debug|Any CPU
		{D43AB18B-E7D0-41C8-BB4C-214B9F8E1E34}.Debug|x64.ActiveCfg = Debug|Any CPU
		{D43AB18B-E7D0-41C8-BB4C-214B9F8E1E34}.Debug|x64.Build.0 = Debug|Any CPU
		{D43AB18B-E7D0-41C8-BB4C-214B9F8E1E34}.Debug|x86.ActiveCfg = Debug|Any CPU
		{D43AB18B-E7D0-41C8-BB4C-214B9F8E1E34}.Debug|x86.Build.0 = Debug|Any CPU
		{D43AB18B-E7D0-41C8-BB4C-214B9F8E1E34}.Release|Any CPU.ActiveCfg = Release|Any CPU
		{D43AB18B-E7D0-41C8-BB4C-214B9F8E1E34}.Release|Any CPU.Build.0 = Release|Any CPU
		{D43AB18B-E7D0-41C8-BB4C-214B9F8E1E34}.Release|x64.ActiveCfg = Release|Any CPU
		{D43AB18B-E7D0-41C8-BB4C-214B9F8E1E34}.Release|x64.Build.0 = Release|Any CPU
		{D43AB18B-E7D0-41C8-BB4C-214B9F8E1E34}.Release|x86.ActiveCfg = Release|Any CPU
		{D43AB18B-E7D0-41C8-BB4C-214B9F8E1E34}.Release|x86.Build.0 = Release|Any CPU
		{90DCF889-A01B-44FD-9177-CAC691CF05EC}.Debug|Any CPU.ActiveCfg = Debug|Any CPU
		{90DCF889-A01B-44FD-9177-CAC691CF05EC}.Debug|Any CPU.Build.0 = Debug|Any CPU
		{90DCF889-A01B-44FD-9177-CAC691CF05EC}.Debug|x64.ActiveCfg = Debug|Any CPU
		{90DCF889-A01B-44FD-9177-CAC691CF05EC}.Debug|x64.Build.0 = Debug|Any CPU
		{90DCF889-A01B-44FD-9177-CAC691CF05EC}.Debug|x86.ActiveCfg = Debug|Any CPU
		{90DCF889-A01B-44FD-9177-CAC691CF05EC}.Debug|x86.Build.0 = Debug|Any CPU
		{90DCF889-A01B-44FD-9177-CAC691CF05EC}.Release|Any CPU.ActiveCfg = Release|Any CPU
		{90DCF889-A01B-44FD-9177-CAC691CF05EC}.Release|Any CPU.Build.0 = Release|Any CPU
		{90DCF889-A01B-44FD-9177-CAC691CF05EC}.Release|x64.ActiveCfg = Release|Any CPU
		{90DCF889-A01B-44FD-9177-CAC691CF05EC}.Release|x64.Build.0 = Release|Any CPU
		{90DCF889-A01B-44FD-9177-CAC691CF05EC}.Release|x86.ActiveCfg = Release|Any CPU
		{90DCF889-A01B-44FD-9177-CAC691CF05EC}.Release|x86.Build.0 = Release|Any CPU
		{5123843B-2E5D-43EC-BF84-F5EE2819A4A3}.Debug|Any CPU.ActiveCfg = Debug|Any CPU
		{5123843B-2E5D-43EC-BF84-F5EE2819A4A3}.Debug|Any CPU.Build.0 = Debug|Any CPU
		{5123843B-2E5D-43EC-BF84-F5EE2819A4A3}.Debug|x64.ActiveCfg = Debug|Any CPU
		{5123843B-2E5D-43EC-BF84-F5EE2819A4A3}.Debug|x64.Build.0 = Debug|Any CPU
		{5123843B-2E5D-43EC-BF84-F5EE2819A4A3}.Debug|x86.ActiveCfg = Debug|Any CPU
		{5123843B-2E5D-43EC-BF84-F5EE2819A4A3}.Debug|x86.Build.0 = Debug|Any CPU
		{5123843B-2E5D-43EC-BF84-F5EE2819A4A3}.Release|Any CPU.ActiveCfg = Release|Any CPU
		{5123843B-2E5D-43EC-BF84-F5EE2819A4A3}.Release|Any CPU.Build.0 = Release|Any CPU
		{5123843B-2E5D-43EC-BF84-F5EE2819A4A3}.Release|x64.ActiveCfg = Release|Any CPU
		{5123843B-2E5D-43EC-BF84-F5EE2819A4A3}.Release|x64.Build.0 = Release|Any CPU
		{5123843B-2E5D-43EC-BF84-F5EE2819A4A3}.Release|x86.ActiveCfg = Release|Any CPU
		{5123843B-2E5D-43EC-BF84-F5EE2819A4A3}.Release|x86.Build.0 = Release|Any CPU
		{2CA5CB9E-F79C-4C5C-82C3-7E163C2D1842}.Debug|Any CPU.ActiveCfg = Debug|Any CPU
		{2CA5CB9E-F79C-4C5C-82C3-7E163C2D1842}.Debug|Any CPU.Build.0 = Debug|Any CPU
		{2CA5CB9E-F79C-4C5C-82C3-7E163C2D1842}.Debug|x64.ActiveCfg = Debug|Any CPU
		{2CA5CB9E-F79C-4C5C-82C3-7E163C2D1842}.Debug|x64.Build.0 = Debug|Any CPU
		{2CA5CB9E-F79C-4C5C-82C3-7E163C2D1842}.Debug|x86.ActiveCfg = Debug|Any CPU
		{2CA5CB9E-F79C-4C5C-82C3-7E163C2D1842}.Debug|x86.Build.0 = Debug|Any CPU
		{2CA5CB9E-F79C-4C5C-82C3-7E163C2D1842}.Release|Any CPU.ActiveCfg = Release|Any CPU
		{2CA5CB9E-F79C-4C5C-82C3-7E163C2D1842}.Release|Any CPU.Build.0 = Release|Any CPU
		{2CA5CB9E-F79C-4C5C-82C3-7E163C2D1842}.Release|x64.ActiveCfg = Release|Any CPU
		{2CA5CB9E-F79C-4C5C-82C3-7E163C2D1842}.Release|x64.Build.0 = Release|Any CPU
		{2CA5CB9E-F79C-4C5C-82C3-7E163C2D1842}.Release|x86.ActiveCfg = Release|Any CPU
		{2CA5CB9E-F79C-4C5C-82C3-7E163C2D1842}.Release|x86.Build.0 = Release|Any CPU
		{2AFAC475-689B-4709-9280-138D8305C6DA}.Debug|Any CPU.ActiveCfg = Debug|Any CPU
		{2AFAC475-689B-4709-9280-138D8305C6DA}.Debug|Any CPU.Build.0 = Debug|Any CPU
		{2AFAC475-689B-4709-9280-138D8305C6DA}.Debug|x64.ActiveCfg = Debug|Any CPU
		{2AFAC475-689B-4709-9280-138D8305C6DA}.Debug|x64.Build.0 = Debug|Any CPU
		{2AFAC475-689B-4709-9280-138D8305C6DA}.Debug|x86.ActiveCfg = Debug|Any CPU
		{2AFAC475-689B-4709-9280-138D8305C6DA}.Debug|x86.Build.0 = Debug|Any CPU
		{2AFAC475-689B-4709-9280-138D8305C6DA}.Release|Any CPU.ActiveCfg = Release|Any CPU
		{2AFAC475-689B-4709-9280-138D8305C6DA}.Release|Any CPU.Build.0 = Release|Any CPU
		{2AFAC475-689B-4709-9280-138D8305C6DA}.Release|x64.ActiveCfg = Release|Any CPU
		{2AFAC475-689B-4709-9280-138D8305C6DA}.Release|x64.Build.0 = Release|Any CPU
		{2AFAC475-689B-4709-9280-138D8305C6DA}.Release|x86.ActiveCfg = Release|Any CPU
		{2AFAC475-689B-4709-9280-138D8305C6DA}.Release|x86.Build.0 = Release|Any CPU
		{AF4F6ECB-AF37-45A3-9D70-8A5CF487003B}.Debug|Any CPU.ActiveCfg = Debug|Any CPU
		{AF4F6ECB-AF37-45A3-9D70-8A5CF487003B}.Debug|Any CPU.Build.0 = Debug|Any CPU
		{AF4F6ECB-AF37-45A3-9D70-8A5CF487003B}.Debug|x64.ActiveCfg = Debug|Any CPU
		{AF4F6ECB-AF37-45A3-9D70-8A5CF487003B}.Debug|x64.Build.0 = Debug|Any CPU
		{AF4F6ECB-AF37-45A3-9D70-8A5CF487003B}.Debug|x86.ActiveCfg = Debug|Any CPU
		{AF4F6ECB-AF37-45A3-9D70-8A5CF487003B}.Debug|x86.Build.0 = Debug|Any CPU
		{AF4F6ECB-AF37-45A3-9D70-8A5CF487003B}.Release|Any CPU.ActiveCfg = Release|Any CPU
		{AF4F6ECB-AF37-45A3-9D70-8A5CF487003B}.Release|Any CPU.Build.0 = Release|Any CPU
		{AF4F6ECB-AF37-45A3-9D70-8A5CF487003B}.Release|x64.ActiveCfg = Release|Any CPU
		{AF4F6ECB-AF37-45A3-9D70-8A5CF487003B}.Release|x64.Build.0 = Release|Any CPU
		{AF4F6ECB-AF37-45A3-9D70-8A5CF487003B}.Release|x86.ActiveCfg = Release|Any CPU
		{AF4F6ECB-AF37-45A3-9D70-8A5CF487003B}.Release|x86.Build.0 = Release|Any CPU
		{BE136D74-734C-4192-AFEF-370CF9DD3002}.Debug|Any CPU.ActiveCfg = Debug|Any CPU
		{BE136D74-734C-4192-AFEF-370CF9DD3002}.Debug|Any CPU.Build.0 = Debug|Any CPU
		{BE136D74-734C-4192-AFEF-370CF9DD3002}.Debug|x64.ActiveCfg = Debug|Any CPU
		{BE136D74-734C-4192-AFEF-370CF9DD3002}.Debug|x64.Build.0 = Debug|Any CPU
		{BE136D74-734C-4192-AFEF-370CF9DD3002}.Debug|x86.ActiveCfg = Debug|Any CPU
		{BE136D74-734C-4192-AFEF-370CF9DD3002}.Debug|x86.Build.0 = Debug|Any CPU
		{BE136D74-734C-4192-AFEF-370CF9DD3002}.Release|Any CPU.ActiveCfg = Release|Any CPU
		{BE136D74-734C-4192-AFEF-370CF9DD3002}.Release|Any CPU.Build.0 = Release|Any CPU
		{BE136D74-734C-4192-AFEF-370CF9DD3002}.Release|x64.ActiveCfg = Release|Any CPU
		{BE136D74-734C-4192-AFEF-370CF9DD3002}.Release|x64.Build.0 = Release|Any CPU
		{BE136D74-734C-4192-AFEF-370CF9DD3002}.Release|x86.ActiveCfg = Release|Any CPU
		{BE136D74-734C-4192-AFEF-370CF9DD3002}.Release|x86.Build.0 = Release|Any CPU
		{6D421CD8-33F3-4015-98D8-801F89C6264E}.Debug|Any CPU.ActiveCfg = Debug|Any CPU
		{6D421CD8-33F3-4015-98D8-801F89C6264E}.Debug|Any CPU.Build.0 = Debug|Any CPU
		{6D421CD8-33F3-4015-98D8-801F89C6264E}.Debug|x64.ActiveCfg = Debug|Any CPU
		{6D421CD8-33F3-4015-98D8-801F89C6264E}.Debug|x64.Build.0 = Debug|Any CPU
		{6D421CD8-33F3-4015-98D8-801F89C6264E}.Debug|x86.ActiveCfg = Debug|Any CPU
		{6D421CD8-33F3-4015-98D8-801F89C6264E}.Debug|x86.Build.0 = Debug|Any CPU
		{6D421CD8-33F3-4015-98D8-801F89C6264E}.Release|Any CPU.ActiveCfg = Release|Any CPU
		{6D421CD8-33F3-4015-98D8-801F89C6264E}.Release|Any CPU.Build.0 = Release|Any CPU
		{6D421CD8-33F3-4015-98D8-801F89C6264E}.Release|x64.ActiveCfg = Release|Any CPU
		{6D421CD8-33F3-4015-98D8-801F89C6264E}.Release|x64.Build.0 = Release|Any CPU
		{6D421CD8-33F3-4015-98D8-801F89C6264E}.Release|x86.ActiveCfg = Release|Any CPU
		{6D421CD8-33F3-4015-98D8-801F89C6264E}.Release|x86.Build.0 = Release|Any CPU
		{A18EE68D-BC0A-4B1D-B9D0-36E22F5B7C31}.Debug|Any CPU.ActiveCfg = Debug|Any CPU
		{A18EE68D-BC0A-4B1D-B9D0-36E22F5B7C31}.Debug|Any CPU.Build.0 = Debug|Any CPU
		{A18EE68D-BC0A-4B1D-B9D0-36E22F5B7C31}.Debug|x64.ActiveCfg = Debug|Any CPU
		{A18EE68D-BC0A-4B1D-B9D0-36E22F5B7C31}.Debug|x64.Build.0 = Debug|Any CPU
		{A18EE68D-BC0A-4B1D-B9D0-36E22F5B7C31}.Debug|x86.ActiveCfg = Debug|Any CPU
		{A18EE68D-BC0A-4B1D-B9D0-36E22F5B7C31}.Debug|x86.Build.0 = Debug|Any CPU
		{A18EE68D-BC0A-4B1D-B9D0-36E22F5B7C31}.Release|Any CPU.ActiveCfg = Release|Any CPU
		{A18EE68D-BC0A-4B1D-B9D0-36E22F5B7C31}.Release|Any CPU.Build.0 = Release|Any CPU
		{A18EE68D-BC0A-4B1D-B9D0-36E22F5B7C31}.Release|x64.ActiveCfg = Release|Any CPU
		{A18EE68D-BC0A-4B1D-B9D0-36E22F5B7C31}.Release|x64.Build.0 = Release|Any CPU
		{A18EE68D-BC0A-4B1D-B9D0-36E22F5B7C31}.Release|x86.ActiveCfg = Release|Any CPU
		{A18EE68D-BC0A-4B1D-B9D0-36E22F5B7C31}.Release|x86.Build.0 = Release|Any CPU
		{B2A9D5E7-3C41-47CE-A2F8-6D4A9E1B0C52}.Debug|Any CPU.ActiveCfg = Debug|Any CPU
		{B2A9D5E7-3C41-47CE-A2F8-6D4A9E1B0C52}.Debug|Any CPU.Build.0 = Debug|Any CPU
		{B2A9D5E7-3C41-47CE-A2F8-6D4A9E1B0C52}.Debug|x64.ActiveCfg = Debug|Any CPU
		{B2A9D5E7-3C41-47CE-A2F8-6D4A9E1B0C52}.Debug|x64.Build.0 = Debug|Any CPU
		{B2A9D5E7-3C41-47CE-A2F8-6D4A9E1B0C52}.Debug|x86.ActiveCfg = Debug|Any CPU
		{B2A9D5E7-3C41-47CE-A2F8-6D4A9E1B0C52}.Debug|x86.Build.0 = Debug|Any CPU
		{B2A9D5E7-3C41-47CE-A2F8-6D4A9E1B0C52}.Release|Any CPU.ActiveCfg = Release|Any CPU
		{B2A9D5E7-3C41-47CE-A2F8-6D4A9E1B0C52}.Release|Any CPU.Build.0 = Release|Any CPU
		{B2A9D5E7-3C41-47CE-A2F8-6D4A9E1B0C52}.Release|x64.ActiveCfg = Release|Any CPU
		{B2A9D5E7-3C41-47CE-A2F8-6D4A9E1B0C52}.Release|x64.Build.0 = Release|Any CPU
		{B2A9D5E7-3C41-47CE-A2F8-6D4A9E1B0C52}.Release|x86.ActiveCfg = Release|Any CPU
		{B2A9D5E7-3C41-47CE-A2F8-6D4A9E1B0C52}.Release|x86.Build.0 = Release|Any CPU
		{C3B7F1A2-5D64-48EF-B3A9-7E2C0D6F1A84}.Debug|Any CPU.ActiveCfg = Debug|Any CPU
		{C3B7F1A2-5D64-48EF-B3A9-7E2C0D6F1A84}.Debug|Any CPU.Build.0 = Debug|Any CPU
		{C3B7F1A2-5D64-48EF-B3A9-7E2C0D6F1A84}.Debug|x64.ActiveCfg = Debug|Any CPU
		{C3B7F1A2-5D64-48EF-B3A9-7E2C0D6F1A84}.Debug|x64.Build.0 = Debug|Any CPU
		{C3B7F1A2-5D64-48EF-B3A9-7E2C0D6F1A84}.Debug|x86.ActiveCfg = Debug|Any CPU
		{C3B7F1A2-5D64-48EF-B3A9-7E2C0D6F1A84}.Debug|x86.Build.0 = Debug|Any CPU
		{C3B7F1A2-5D64-48EF-B3A9-7E2C0D6F1A84}.Release|Any CPU.ActiveCfg = Release|Any CPU
		{C3B7F1A2-5D64-48EF-B3A9-7E2C0D6F1A84}.Release|Any CPU.Build.0 = Release|Any CPU
		{C3B7F1A2-5D64-48EF-B3A9-7E2C0D6F1A84}.Release|x64.ActiveCfg = Release|Any CPU
		{C3B7F1A2-5D64-48EF-B3A9-7E2C0D6F1A84}.Release|x64.Build.0 = Release|Any CPU
		{C3B7F1A2-5D64-48EF-B3A9-7E2C0D6F1A84}.Release|x86.ActiveCfg = Release|Any CPU
		{C3B7F1A2-5D64-48EF-B3A9-7E2C0D6F1A84}.Release|x86.Build.0 = Release|Any CPU
		{AE1CE9FA-92C5-4A4E-8BF5-8F158D4BDEA0}.Debug|Any CPU.ActiveCfg = Debug|Any CPU
		{AE1CE9FA-92C5-4A4E-8BF5-8F158D4BDEA0}.Debug|Any CPU.Build.0 = Debug|Any CPU
		{AE1CE9FA-92C5-4A4E-8BF5-8F158D4BDEA0}.Debug|x64.ActiveCfg = Debug|Any CPU
		{AE1CE9FA-92C5-4A4E-8BF5-8F158D4BDEA0}.Debug|x64.Build.0 = Debug|Any CPU
		{AE1CE9FA-92C5-4A4E-8BF5-8F158D4BDEA0}.Debug|x86.ActiveCfg = Debug|Any CPU
		{AE1CE9FA-92C5-4A4E-8BF5-8F158D4BDEA0}.Debug|x86.Build.0 = Debug|Any CPU
		{AE1CE9FA-92C5-4A4E-8BF5-8F158D4BDEA0}.Release|Any CPU.ActiveCfg = Release|Any CPU
		{AE1CE9FA-92C5-4A4E-8BF5-8F158D4BDEA0}.Release|Any CPU.Build.0 = Release|Any CPU
		{AE1CE9FA-92C5-4A4E-8BF5-8F158D4BDEA0}.Release|x64.ActiveCfg = Release|Any CPU
		{AE1CE9FA-92C5-4A4E-8BF5-8F158D4BDEA0}.Release|x64.Build.0 = Release|Any CPU
		{AE1CE9FA-92C5-4A4E-8BF5-8F158D4BDEA0}.Release|x86.ActiveCfg = Release|Any CPU
		{AE1CE9FA-92C5-4A4E-8BF5-8F158D4BDEA0}.Release|x86.Build.0 = Release|Any CPU
		{D75DCCF0-6A53-49E8-B430-D1054007E3DA}.Debug|Any CPU.ActiveCfg = Debug|Any CPU
		{D75DCCF0-6A53-49E8-B430-D1054007E3DA}.Debug|Any CPU.Build.0 = Debug|Any CPU
		{D75DCCF0-6A53-49E8-B430-D1054007E3DA}.Debug|x64.ActiveCfg = Debug|Any CPU
		{D75DCCF0-6A53-49E8-B430-D1054007E3DA}.Debug|x64.Build.0 = Debug|Any CPU
		{D75DCCF0-6A53-49E8-B430-D1054007E3DA}.Debug|x86.ActiveCfg = Debug|Any CPU
		{D75DCCF0-6A53-49E8-B430-D1054007E3DA}.Debug|x86.Build.0 = Debug|Any CPU
		{D75DCCF0-6A53-49E8-B430-D1054007E3DA}.Release|Any CPU.ActiveCfg = Release|Any CPU
		{D75DCCF0-6A53-49E8-B430-D1054007E3DA}.Release|Any CPU.Build.0 = Release|Any CPU
		{D75DCCF0-6A53-49E8-B430-D1054007E3DA}.Release|x64.ActiveCfg = Release|Any CPU
		{D75DCCF0-6A53-49E8-B430-D1054007E3DA}.Release|x64.Build.0 = Release|Any CPU
		{D75DCCF0-6A53-49E8-B430-D1054007E3DA}.Release|x86.ActiveCfg = Release|Any CPU
		{D75DCCF0-6A53-49E8-B430-D1054007E3DA}.Release|x86.Build.0 = Release|Any CPU
		{FFCE03A4-453C-48B3-A008-F024AC0ACA86}.Debug|Any CPU.ActiveCfg = Debug|Any CPU
		{FFCE03A4-453C-48B3-A008-F024AC0ACA86}.Debug|Any CPU.Build.0 = Debug|Any CPU
		{FFCE03A4-453C-48B3-A008-F024AC0ACA86}.Debug|x64.ActiveCfg = Debug|Any CPU
		{FFCE03A4-453C-48B3-A008-F024AC0ACA86}.Debug|x64.Build.0 = Debug|Any CPU
		{FFCE03A4-453C-48B3-A008-F024AC0ACA86}.Debug|x86.ActiveCfg = Debug|Any CPU
		{FFCE03A4-453C-48B3-A008-F024AC0ACA86}.Debug|x86.Build.0 = Debug|Any CPU
		{FFCE03A4-453C-48B3-A008-F024AC0ACA86}.Release|Any CPU.ActiveCfg = Release|Any CPU
		{FFCE03A4-453C-48B3-A008-F024AC0ACA86}.Release|Any CPU.Build.0 = Release|Any CPU
		{FFCE03A4-453C-48B3-A008-F024AC0ACA86}.Release|x64.ActiveCfg = Release|Any CPU
		{FFCE03A4-453C-48B3-A008-F024AC0ACA86}.Release|x64.Build.0 = Release|Any CPU
		{FFCE03A4-453C-48B3-A008-F024AC0ACA86}.Release|x86.ActiveCfg = Release|Any CPU
		{FFCE03A4-453C-48B3-A008-F024AC0ACA86}.Release|x86.Build.0 = Release|Any CPU
		{D440C3C1-86B1-4BDA-AD3F-DE1ADE4A6122}.Debug|Any CPU.ActiveCfg = Debug|Any CPU
		{D440C3C1-86B1-4BDA-AD3F-DE1ADE4A6122}.Debug|Any CPU.Build.0 = Debug|Any CPU
		{D440C3C1-86B1-4BDA-AD3F-DE1ADE4A6122}.Debug|x64.ActiveCfg = Debug|Any CPU
		{D440C3C1-86B1-4BDA-AD3F-DE1ADE4A6122}.Debug|x64.Build.0 = Debug|Any CPU
		{D440C3C1-86B1-4BDA-AD3F-DE1ADE4A6122}.Debug|x86.ActiveCfg = Debug|Any CPU
		{D440C3C1-86B1-4BDA-AD3F-DE1ADE4A6122}.Debug|x86.Build.0 = Debug|Any CPU
		{D440C3C1-86B1-4BDA-AD3F-DE1ADE4A6122}.Release|Any CPU.ActiveCfg = Release|Any CPU
		{D440C3C1-86B1-4BDA-AD3F-DE1ADE4A6122}.Release|Any CPU.Build.0 = Release|Any CPU
		{D440C3C1-86B1-4BDA-AD3F-DE1ADE4A6122}.Release|x64.ActiveCfg = Release|Any CPU
		{D440C3C1-86B1-4BDA-AD3F-DE1ADE4A6122}.Release|x64.Build.0 = Release|Any CPU
		{D440C3C1-86B1-4BDA-AD3F-DE1ADE4A6122}.Release|x86.ActiveCfg = Release|Any CPU
		{D440C3C1-86B1-4BDA-AD3F-DE1ADE4A6122}.Release|x86.Build.0 = Release|Any CPU
		{E351F07C-4AE0-4BCE-9A1D-7A72F840BDA7}.Debug|Any CPU.ActiveCfg = Debug|Any CPU
		{E351F07C-4AE0-4BCE-9A1D-7A72F840BDA7}.Debug|Any CPU.Build.0 = Debug|Any CPU
		{E351F07C-4AE0-4BCE-9A1D-7A72F840BDA7}.Debug|x64.ActiveCfg = Debug|Any CPU
		{E351F07C-4AE0-4BCE-9A1D-7A72F840BDA7}.Debug|x64.Build.0 = Debug|Any CPU
		{E351F07C-4AE0-4BCE-9A1D-7A72F840BDA7}.Debug|x86.ActiveCfg = Debug|Any CPU
		{E351F07C-4AE0-4BCE-9A1D-7A72F840BDA7}.Debug|x86.Build.0 = Debug|Any CPU
		{E351F07C-4AE0-4BCE-9A1D-7A72F840BDA7}.Release|Any CPU.ActiveCfg = Release|Any CPU
		{E351F07C-4AE0-4BCE-9A1D-7A72F840BDA7}.Release|Any CPU.Build.0 = Release|Any CPU
		{E351F07C-4AE0-4BCE-9A1D-7A72F840BDA7}.Release|x64.ActiveCfg = Release|Any CPU
		{E351F07C-4AE0-4BCE-9A1D-7A72F840BDA7}.Release|x64.Build.0 = Release|Any CPU
		{E351F07C-4AE0-4BCE-9A1D-7A72F840BDA7}.Release|x86.ActiveCfg = Release|Any CPU
		{E351F07C-4AE0-4BCE-9A1D-7A72F840BDA7}.Release|x86.Build.0 = Release|Any CPU
		{5ABA877C-D335-457F-AE2C-142224690380}.Debug|Any CPU.ActiveCfg = Debug|Any CPU
		{5ABA877C-D335-457F-AE2C-142224690380}.Debug|Any CPU.Build.0 = Debug|Any CPU
		{5ABA877C-D335-457F-AE2C-142224690380}.Debug|x64.ActiveCfg = Debug|Any CPU
		{5ABA877C-D335-457F-AE2C-142224690380}.Debug|x64.Build.0 = Debug|Any CPU
		{5ABA877C-D335-457F-AE2C-142224690380}.Debug|x86.ActiveCfg = Debug|Any CPU
		{5ABA877C-D335-457F-AE2C-142224690380}.Debug|x86.Build.0 = Debug|Any CPU
		{5ABA877C-D335-457F-AE2C-142224690380}.Release|Any CPU.ActiveCfg = Release|Any CPU
		{5ABA877C-D335-457F-AE2C-142224690380}.Release|Any CPU.Build.0 = Release|Any CPU
		{5ABA877C-D335-457F-AE2C-142224690380}.Release|x64.ActiveCfg = Release|Any CPU
		{5ABA877C-D335-457F-AE2C-142224690380}.Release|x64.Build.0 = Release|Any CPU
		{5ABA877C-D335-457F-AE2C-142224690380}.Release|x86.ActiveCfg = Release|Any CPU
		{5ABA877C-D335-457F-AE2C-142224690380}.Release|x86.Build.0 = Release|Any CPU
		{D654380E-C457-48E5-9873-E63BDF40042E}.Debug|Any CPU.ActiveCfg = Debug|Any CPU
		{D654380E-C457-48E5-9873-E63BDF40042E}.Debug|Any CPU.Build.0 = Debug|Any CPU
		{D654380E-C457-48E5-9873-E63BDF40042E}.Debug|x64.ActiveCfg = Debug|Any CPU
		{D654380E-C457-48E5-9873-E63BDF40042E}.Debug|x64.Build.0 = Debug|Any CPU
		{D654380E-C457-48E5-9873-E63BDF40042E}.Debug|x86.ActiveCfg = Debug|Any CPU
		{D654380E-C457-48E5-9873-E63BDF40042E}.Debug|x86.Build.0 = Debug|Any CPU
		{D654380E-C457-48E5-9873-E63BDF40042E}.Release|Any CPU.ActiveCfg = Release|Any CPU
		{D654380E-C457-48E5-9873-E63BDF40042E}.Release|Any CPU.Build.0 = Release|Any CPU
		{D654380E-C457-48E5-9873-E63BDF40042E}.Release|x64.ActiveCfg = Release|Any CPU
		{D654380E-C457-48E5-9873-E63BDF40042E}.Release|x64.Build.0 = Release|Any CPU
		{D654380E-C457-48E5-9873-E63BDF40042E}.Release|x86.ActiveCfg = Release|Any CPU
		{D654380E-C457-48E5-9873-E63BDF40042E}.Release|x86.Build.0 = Release|Any CPU
		{E4E31D86-BFFF-41F5-82FA-38C931C1E992}.Debug|Any CPU.ActiveCfg = Debug|Any CPU
		{E4E31D86-BFFF-41F5-82FA-38C931C1E992}.Debug|Any CPU.Build.0 = Debug|Any CPU
		{E4E31D86-BFFF-41F5-82FA-38C931C1E992}.Debug|x64.ActiveCfg = Debug|Any CPU
		{E4E31D86-BFFF-41F5-82FA-38C931C1E992}.Debug|x64.Build.0 = Debug|Any CPU
		{E4E31D86-BFFF-41F5-82FA-38C931C1E992}.Debug|x86.ActiveCfg = Debug|Any CPU
		{E4E31D86-BFFF-41F5-82FA-38C931C1E992}.Debug|x86.Build.0 = Debug|Any CPU
		{E4E31D86-BFFF-41F5-82FA-38C931C1E992}.Release|Any CPU.ActiveCfg = Release|Any CPU
		{E4E31D86-BFFF-41F5-82FA-38C931C1E992}.Release|Any CPU.Build.0 = Release|Any CPU
		{E4E31D86-BFFF-41F5-82FA-38C931C1E992}.Release|x64.ActiveCfg = Release|Any CPU
		{E4E31D86-BFFF-41F5-82FA-38C931C1E992}.Release|x64.Build.0 = Release|Any CPU
		{E4E31D86-BFFF-41F5-82FA-38C931C1E992}.Release|x86.ActiveCfg = Release|Any CPU
		{E4E31D86-BFFF-41F5-82FA-38C931C1E992}.Release|x86.Build.0 = Release|Any CPU
		{E723A875-D78A-4D91-994F-9440E4027A16}.Debug|Any CPU.ActiveCfg = Debug|Any CPU
		{E723A875-D78A-4D91-994F-9440E4027A16}.Debug|Any CPU.Build.0 = Debug|Any CPU
		{E723A875-D78A-4D91-994F-9440E4027A16}.Debug|x64.ActiveCfg = Debug|Any CPU
		{E723A875-D78A-4D91-994F-9440E4027A16}.Debug|x64.Build.0 = Debug|Any CPU
		{E723A875-D78A-4D91-994F-9440E4027A16}.Debug|x86.ActiveCfg = Debug|Any CPU
		{E723A875-D78A-4D91-994F-9440E4027A16}.Debug|x86.Build.0 = Debug|Any CPU
		{E723A875-D78A-4D91-994F-9440E4027A16}.Release|Any CPU.ActiveCfg = Release|Any CPU
		{E723A875-D78A-4D91-994F-9440E4027A16}.Release|Any CPU.Build.0 = Release|Any CPU
		{E723A875-D78A-4D91-994F-9440E4027A16}.Release|x64.ActiveCfg = Release|Any CPU
		{E723A875-D78A-4D91-994F-9440E4027A16}.Release|x64.Build.0 = Release|Any CPU
		{E723A875-D78A-4D91-994F-9440E4027A16}.Release|x86.ActiveCfg = Release|Any CPU
		{E723A875-D78A-4D91-994F-9440E4027A16}.Release|x86.Build.0 = Release|Any CPU
		{C5FED5C7-68B5-4593-84BE-F12203BFB6F0}.Debug|Any CPU.ActiveCfg = Debug|Any CPU
		{C5FED5C7-68B5-4593-84BE-F12203BFB6F0}.Debug|Any CPU.Build.0 = Debug|Any CPU
		{C5FED5C7-68B5-4593-84BE-F12203BFB6F0}.Debug|x64.ActiveCfg = Debug|Any CPU
		{C5FED5C7-68B5-4593-84BE-F12203BFB6F0}.Debug|x64.Build.0 = Debug|Any CPU
		{C5FED5C7-68B5-4593-84BE-F12203BFB6F0}.Debug|x86.ActiveCfg = Debug|Any CPU
		{C5FED5C7-68B5-4593-84BE-F12203BFB6F0}.Debug|x86.Build.0 = Debug|Any CPU
		{C5FED5C7-68B5-4593-84BE-F12203BFB6F0}.Release|Any CPU.ActiveCfg = Release|Any CPU
		{C5FED5C7-68B5-4593-84BE-F12203BFB6F0}.Release|Any CPU.Build.0 = Release|Any CPU
		{C5FED5C7-68B5-4593-84BE-F12203BFB6F0}.Release|x64.ActiveCfg = Release|Any CPU
		{C5FED5C7-68B5-4593-84BE-F12203BFB6F0}.Release|x64.Build.0 = Release|Any CPU
		{C5FED5C7-68B5-4593-84BE-F12203BFB6F0}.Release|x86.ActiveCfg = Release|Any CPU
		{C5FED5C7-68B5-4593-84BE-F12203BFB6F0}.Release|x86.Build.0 = Release|Any CPU
		{D49A4D4D-1140-4454-BC2F-EDAFCD85048E}.Debug|Any CPU.ActiveCfg = Debug|Any CPU
		{D49A4D4D-1140-4454-BC2F-EDAFCD85048E}.Debug|Any CPU.Build.0 = Debug|Any CPU
		{D49A4D4D-1140-4454-BC2F-EDAFCD85048E}.Debug|x64.ActiveCfg = Debug|Any CPU
		{D49A4D4D-1140-4454-BC2F-EDAFCD85048E}.Debug|x64.Build.0 = Debug|Any CPU
		{D49A4D4D-1140-4454-BC2F-EDAFCD85048E}.Debug|x86.ActiveCfg = Debug|Any CPU
		{D49A4D4D-1140-4454-BC2F-EDAFCD85048E}.Debug|x86.Build.0 = Debug|Any CPU
		{D49A4D4D-1140-4454-BC2F-EDAFCD85048E}.Release|Any CPU.ActiveCfg = Release|Any CPU
		{D49A4D4D-1140-4454-BC2F-EDAFCD85048E}.Release|Any CPU.Build.0 = Release|Any CPU
		{D49A4D4D-1140-4454-BC2F-EDAFCD85048E}.Release|x64.ActiveCfg = Release|Any CPU
		{D49A4D4D-1140-4454-BC2F-EDAFCD85048E}.Release|x64.Build.0 = Release|Any CPU
		{D49A4D4D-1140-4454-BC2F-EDAFCD85048E}.Release|x86.ActiveCfg = Release|Any CPU
		{D49A4D4D-1140-4454-BC2F-EDAFCD85048E}.Release|x86.Build.0 = Release|Any CPU
		{B0110531-DE58-4955-A9BC-C62F1968B495}.Debug|Any CPU.ActiveCfg = Debug|Any CPU
		{B0110531-DE58-4955-A9BC-C62F1968B495}.Debug|Any CPU.Build.0 = Debug|Any CPU
		{B0110531-DE58-4955-A9BC-C62F1968B495}.Debug|x64.ActiveCfg = Debug|Any CPU
		{B0110531-DE58-4955-A9BC-C62F1968B495}.Debug|x64.Build.0 = Debug|Any CPU
		{B0110531-DE58-4955-A9BC-C62F1968B495}.Debug|x86.ActiveCfg = Debug|Any CPU
		{B0110531-DE58-4955-A9BC-C62F1968B495}.Debug|x86.Build.0 = Debug|Any CPU
		{B0110531-DE58-4955-A9BC-C62F1968B495}.Release|Any CPU.ActiveCfg = Release|Any CPU
		{B0110531-DE58-4955-A9BC-C62F1968B495}.Release|Any CPU.Build.0 = Release|Any CPU
		{B0110531-DE58-4955-A9BC-C62F1968B495}.Release|x64.ActiveCfg = Release|Any CPU
		{B0110531-DE58-4955-A9BC-C62F1968B495}.Release|x64.Build.0 = Release|Any CPU
		{B0110531-DE58-4955-A9BC-C62F1968B495}.Release|x86.ActiveCfg = Release|Any CPU
		{B0110531-DE58-4955-A9BC-C62F1968B495}.Release|x86.Build.0 = Release|Any CPU
		{38BBAFBC-CC74-41C1-AEBF-D16B7B69BCF2}.Debug|Any CPU.ActiveCfg = Debug|Any CPU
		{38BBAFBC-CC74-41C1-AEBF-D16B7B69BCF2}.Debug|Any CPU.Build.0 = Debug|Any CPU
		{38BBAFBC-CC74-41C1-AEBF-D16B7B69BCF2}.Debug|x64.ActiveCfg = Debug|Any CPU
		{38BBAFBC-CC74-41C1-AEBF-D16B7B69BCF2}.Debug|x64.Build.0 = Debug|Any CPU
		{38BBAFBC-CC74-41C1-AEBF-D16B7B69BCF2}.Debug|x86.ActiveCfg = Debug|Any CPU
		{38BBAFBC-CC74-41C1-AEBF-D16B7B69BCF2}.Debug|x86.Build.0 = Debug|Any CPU
		{38BBAFBC-CC74-41C1-AEBF-D16B7B69BCF2}.Release|Any CPU.ActiveCfg = Release|Any CPU
		{38BBAFBC-CC74-41C1-AEBF-D16B7B69BCF2}.Release|Any CPU.Build.0 = Release|Any CPU
		{38BBAFBC-CC74-41C1-AEBF-D16B7B69BCF2}.Release|x64.ActiveCfg = Release|Any CPU
		{38BBAFBC-CC74-41C1-AEBF-D16B7B69BCF2}.Release|x64.Build.0 = Release|Any CPU
		{38BBAFBC-CC74-41C1-AEBF-D16B7B69BCF2}.Release|x86.ActiveCfg = Release|Any CPU
		{38BBAFBC-CC74-41C1-AEBF-D16B7B69BCF2}.Release|x86.Build.0 = Release|Any CPU
		{B68550AD-1CC5-461D-8738-9058B22201C0}.Debug|Any CPU.ActiveCfg = Debug|Any CPU
		{B68550AD-1CC5-461D-8738-9058B22201C0}.Debug|Any CPU.Build.0 = Debug|Any CPU
		{B68550AD-1CC5-461D-8738-9058B22201C0}.Debug|x64.ActiveCfg = Debug|Any CPU
		{B68550AD-1CC5-461D-8738-9058B22201C0}.Debug|x64.Build.0 = Debug|Any CPU
		{B68550AD-1CC5-461D-8738-9058B22201C0}.Debug|x86.ActiveCfg = Debug|Any CPU
		{B68550AD-1CC5-461D-8738-9058B22201C0}.Debug|x86.Build.0 = Debug|Any CPU
		{B68550AD-1CC5-461D-8738-9058B22201C0}.Release|Any CPU.ActiveCfg = Release|Any CPU
		{B68550AD-1CC5-461D-8738-9058B22201C0}.Release|Any CPU.Build.0 = Release|Any CPU
		{B68550AD-1CC5-461D-8738-9058B22201C0}.Release|x64.ActiveCfg = Release|Any CPU
		{B68550AD-1CC5-461D-8738-9058B22201C0}.Release|x64.Build.0 = Release|Any CPU
		{B68550AD-1CC5-461D-8738-9058B22201C0}.Release|x86.ActiveCfg = Release|Any CPU
		{B68550AD-1CC5-461D-8738-9058B22201C0}.Release|x86.Build.0 = Release|Any CPU
		{DC5FB487-27FC-4BD8-BAA2-83F906FB13E4}.Debug|Any CPU.ActiveCfg = Debug|Any CPU
		{DC5FB487-27FC-4BD8-BAA2-83F906FB13E4}.Debug|Any CPU.Build.0 = Debug|Any CPU
		{DC5FB487-27FC-4BD8-BAA2-83F906FB13E4}.Debug|x64.ActiveCfg = Debug|Any CPU
		{DC5FB487-27FC-4BD8-BAA2-83F906FB13E4}.Debug|x64.Build.0 = Debug|Any CPU
		{DC5FB487-27FC-4BD8-BAA2-83F906FB13E4}.Debug|x86.ActiveCfg = Debug|Any CPU
		{DC5FB487-27FC-4BD8-BAA2-83F906FB13E4}.Debug|x86.Build.0 = Debug|Any CPU
		{DC5FB487-27FC-4BD8-BAA2-83F906FB13E4}.Release|Any CPU.ActiveCfg = Release|Any CPU
		{DC5FB487-27FC-4BD8-BAA2-83F906FB13E4}.Release|Any CPU.Build.0 = Release|Any CPU
		{DC5FB487-27FC-4BD8-BAA2-83F906FB13E4}.Release|x64.ActiveCfg = Release|Any CPU
		{DC5FB487-27FC-4BD8-BAA2-83F906FB13E4}.Release|x64.Build.0 = Release|Any CPU
		{DC5FB487-27FC-4BD8-BAA2-83F906FB13E4}.Release|x86.ActiveCfg = Release|Any CPU
		{DC5FB487-27FC-4BD8-BAA2-83F906FB13E4}.Release|x86.Build.0 = Release|Any CPU
		{F14E3F89-269D-4D0E-B25A-A12D40755271}.Debug|Any CPU.ActiveCfg = Debug|Any CPU
		{F14E3F89-269D-4D0E-B25A-A12D40755271}.Debug|Any CPU.Build.0 = Debug|Any CPU
		{F14E3F89-269D-4D0E-B25A-A12D40755271}.Debug|x64.ActiveCfg = Debug|Any CPU
		{F14E3F89-269D-4D0E-B25A-A12D40755271}.Debug|x64.Build.0 = Debug|Any CPU
		{F14E3F89-269D-4D0E-B25A-A12D40755271}.Debug|x86.ActiveCfg = Debug|Any CPU
		{F14E3F89-269D-4D0E-B25A-A12D40755271}.Debug|x86.Build.0 = Debug|Any CPU
		{F14E3F89-269D-4D0E-B25A-A12D40755271}.Release|Any CPU.ActiveCfg = Release|Any CPU
		{F14E3F89-269D-4D0E-B25A-A12D40755271}.Release|Any CPU.Build.0 = Release|Any CPU
		{F14E3F89-269D-4D0E-B25A-A12D40755271}.Release|x64.ActiveCfg = Release|Any CPU
		{F14E3F89-269D-4D0E-B25A-A12D40755271}.Release|x64.Build.0 = Release|Any CPU
		{F14E3F89-269D-4D0E-B25A-A12D40755271}.Release|x86.ActiveCfg = Release|Any CPU
		{F14E3F89-269D-4D0E-B25A-A12D40755271}.Release|x86.Build.0 = Release|Any CPU
		{5E6E4A19-67AA-4905-AB13-E15CFC8F0023}.Debug|Any CPU.ActiveCfg = Debug|Any CPU
		{5E6E4A19-67AA-4905-AB13-E15CFC8F0023}.Debug|Any CPU.Build.0 = Debug|Any CPU
		{5E6E4A19-67AA-4905-AB13-E15CFC8F0023}.Debug|x64.ActiveCfg = Debug|Any CPU
		{5E6E4A19-67AA-4905-AB13-E15CFC8F0023}.Debug|x64.Build.0 = Debug|Any CPU
		{5E6E4A19-67AA-4905-AB13-E15CFC8F0023}.Debug|x86.ActiveCfg = Debug|Any CPU
		{5E6E4A19-67AA-4905-AB13-E15CFC8F0023}.Debug|x86.Build.0 = Debug|Any CPU
		{5E6E4A19-67AA-4905-AB13-E15CFC8F0023}.Release|Any CPU.ActiveCfg = Release|Any CPU
		{5E6E4A19-67AA-4905-AB13-E15CFC8F0023}.Release|Any CPU.Build.0 = Release|Any CPU
		{5E6E4A19-67AA-4905-AB13-E15CFC8F0023}.Release|x64.ActiveCfg = Release|Any CPU
		{5E6E4A19-67AA-4905-AB13-E15CFC8F0023}.Release|x64.Build.0 = Release|Any CPU
		{5E6E4A19-67AA-4905-AB13-E15CFC8F0023}.Release|x86.ActiveCfg = Release|Any CPU
		{5E6E4A19-67AA-4905-AB13-E15CFC8F0023}.Release|x86.Build.0 = Release|Any CPU
		{DC63B095-8D1E-40B6-B9D8-AE40F79FE662}.Debug|Any CPU.ActiveCfg = Debug|Any CPU
		{DC63B095-8D1E-40B6-B9D8-AE40F79FE662}.Debug|Any CPU.Build.0 = Debug|Any CPU
		{DC63B095-8D1E-40B6-B9D8-AE40F79FE662}.Debug|x64.ActiveCfg = Debug|Any CPU
		{DC63B095-8D1E-40B6-B9D8-AE40F79FE662}.Debug|x64.Build.0 = Debug|Any CPU
		{DC63B095-8D1E-40B6-B9D8-AE40F79FE662}.Debug|x86.ActiveCfg = Debug|Any CPU
		{DC63B095-8D1E-40B6-B9D8-AE40F79FE662}.Debug|x86.Build.0 = Debug|Any CPU
		{DC63B095-8D1E-40B6-B9D8-AE40F79FE662}.Release|Any CPU.ActiveCfg = Release|Any CPU
		{DC63B095-8D1E-40B6-B9D8-AE40F79FE662}.Release|Any CPU.Build.0 = Release|Any CPU
		{DC63B095-8D1E-40B6-B9D8-AE40F79FE662}.Release|x64.ActiveCfg = Release|Any CPU
		{DC63B095-8D1E-40B6-B9D8-AE40F79FE662}.Release|x64.Build.0 = Release|Any CPU
		{DC63B095-8D1E-40B6-B9D8-AE40F79FE662}.Release|x86.ActiveCfg = Release|Any CPU
		{DC63B095-8D1E-40B6-B9D8-AE40F79FE662}.Release|x86.Build.0 = Release|Any CPU
	EndGlobalSection
	GlobalSection(SolutionProperties) = preSolution
		HideSolutionNode = FALSE
	EndGlobalSection
	GlobalSection(NestedProjects) = preSolution
		{B117C042-30CC-4604-99E7-E645155A96E4} = {827E0CD3-B72D-47B6-A68D-7590B98EB39B}
		{6F4E88FA-7566-4610-802A-5FB51AB34906} = {827E0CD3-B72D-47B6-A68D-7590B98EB39B}
		{82998714-265A-4552-B51D-6E92434CBA95} = {827E0CD3-B72D-47B6-A68D-7590B98EB39B}
		{0BC39C57-63CA-44FF-B40F-E042F72C0DEA} = {0C88DD14-F956-CE84-757C-A364CCF449FC}
		{58C6D95D-EF56-4576-AF3F-5BFA2009C219} = {827E0CD3-B72D-47B6-A68D-7590B98EB39B}
		{B5419ADB-5004-4872-8EEA-31048625779F} = {0C88DD14-F956-CE84-757C-A364CCF449FC}
		{3849DDDD-CF56-4509-80A8-E119BA75E21B} = {0C88DD14-F956-CE84-757C-A364CCF449FC}
		{2620FCCC-3867-4F2E-A7EA-CFB9D13EC045} = {0C88DD14-F956-CE84-757C-A364CCF449FC}
		{6BD6780D-76C2-49BC-805D-10CC71C2FA60} = {0C88DD14-F956-CE84-757C-A364CCF449FC}
		{38ED406E-090F-49C0-81AB-1CB756F61E9D} = {0C88DD14-F956-CE84-757C-A364CCF449FC}
		{C7FF6EDA-17CE-443B-A861-A18F06C8F2D3} = {0C88DD14-F956-CE84-757C-A364CCF449FC}
		{999F7594-4B63-4A00-831D-CE0FFD6D05F6} = {0C88DD14-F956-CE84-757C-A364CCF449FC}
		{DBB3E155-1565-424A-98CD-2061C4ED73EB} = {0C88DD14-F956-CE84-757C-A364CCF449FC}
		{F4024FFF-421B-4A50-A123-8E0530F8F117} = {0C88DD14-F956-CE84-757C-A364CCF449FC}
		{1B69C4FB-AF1A-4799-8AC9-3968E770310F} = {0C88DD14-F956-CE84-757C-A364CCF449FC}
		{BE3CB146-3288-4AED-814E-FABF104AE6D9} = {0C88DD14-F956-CE84-757C-A364CCF449FC}
		{3FADE809-9C21-4139-B98F-19540527E26C} = {0C88DD14-F956-CE84-757C-A364CCF449FC}
		{7816B591-1B71-4345-82FF-120C7AAF44B6} = {0C88DD14-F956-CE84-757C-A364CCF449FC}
		{566C653E-6049-405E-80F7-1BEB5852DEF0} = {0C88DD14-F956-CE84-757C-A364CCF449FC}
		{3C630D27-4554-4E34-9492-097D12FC1F4E} = {0C88DD14-F956-CE84-757C-A364CCF449FC}
		{43F19897-9A23-415C-956A-B51FB2327D30} = {0C88DD14-F956-CE84-757C-A364CCF449FC}
		{B9DE2F76-F419-4F93-9366-C22E5D613CB6} = {0C88DD14-F956-CE84-757C-A364CCF449FC}
		{5D8284A8-FDC1-4BE2-8574-B744A1CF37B4} = {0C88DD14-F956-CE84-757C-A364CCF449FC}
		{D43AB18B-E7D0-41C8-BB4C-214B9F8E1E34} = {0C88DD14-F956-CE84-757C-A364CCF449FC}
		{90DCF889-A01B-44FD-9177-CAC691CF05EC} = {0C88DD14-F956-CE84-757C-A364CCF449FC}
		{5123843B-2E5D-43EC-BF84-F5EE2819A4A3} = {0C88DD14-F956-CE84-757C-A364CCF449FC}
		{2CA5CB9E-F79C-4C5C-82C3-7E163C2D1842} = {0C88DD14-F956-CE84-757C-A364CCF449FC}
		{2AFAC475-689B-4709-9280-138D8305C6DA} = {0C88DD14-F956-CE84-757C-A364CCF449FC}
		{AF4F6ECB-AF37-45A3-9D70-8A5CF487003B} = {0C88DD14-F956-CE84-757C-A364CCF449FC}
		{BE136D74-734C-4192-AFEF-370CF9DD3002} = {827E0CD3-B72D-47B6-A68D-7590B98EB39B}
		{6D421CD8-33F3-4015-98D8-801F89C6264E} = {0C88DD14-F956-CE84-757C-A364CCF449FC}
		{A18EE68D-BC0A-4B1D-B9D0-36E22F5B7C31} = {827E0CD3-B72D-47B6-A68D-7590B98EB39B}
		{B2A9D5E7-3C41-47CE-A2F8-6D4A9E1B0C52} = {0C88DD14-F956-CE84-757C-A364CCF449FC}
		{C3B7F1A2-5D64-48EF-B3A9-7E2C0D6F1A84} = {0C88DD14-F956-CE84-757C-A364CCF449FC}
		{AE1CE9FA-92C5-4A4E-8BF5-8F158D4BDEA0} = {0C88DD14-F956-CE84-757C-A364CCF449FC}
		{D75DCCF0-6A53-49E8-B430-D1054007E3DA} = {0C88DD14-F956-CE84-757C-A364CCF449FC}
		{FFCE03A4-453C-48B3-A008-F024AC0ACA86} = {0C88DD14-F956-CE84-757C-A364CCF449FC}
		{D440C3C1-86B1-4BDA-AD3F-DE1ADE4A6122} = {0C88DD14-F956-CE84-757C-A364CCF449FC}
		{E351F07C-4AE0-4BCE-9A1D-7A72F840BDA7} = {0C88DD14-F956-CE84-757C-A364CCF449FC}
		{5ABA877C-D335-457F-AE2C-142224690380} = {0C88DD14-F956-CE84-757C-A364CCF449FC}
		{D654380E-C457-48E5-9873-E63BDF40042E} = {0C88DD14-F956-CE84-757C-A364CCF449FC}
		{E4E31D86-BFFF-41F5-82FA-38C931C1E992} = {0C88DD14-F956-CE84-757C-A364CCF449FC}
		{E723A875-D78A-4D91-994F-9440E4027A16} = {0C88DD14-F956-CE84-757C-A364CCF449FC}
		{C5FED5C7-68B5-4593-84BE-F12203BFB6F0} = {0C88DD14-F956-CE84-757C-A364CCF449FC}
		{D49A4D4D-1140-4454-BC2F-EDAFCD85048E} = {0C88DD14-F956-CE84-757C-A364CCF449FC}
		{B0110531-DE58-4955-A9BC-C62F1968B495} = {0C88DD14-F956-CE84-757C-A364CCF449FC}
		{38BBAFBC-CC74-41C1-AEBF-D16B7B69BCF2} = {0C88DD14-F956-CE84-757C-A364CCF449FC}
		{B68550AD-1CC5-461D-8738-9058B22201C0} = {0C88DD14-F956-CE84-757C-A364CCF449FC}
		{DC5FB487-27FC-4BD8-BAA2-83F906FB13E4} = {0C88DD14-F956-CE84-757C-A364CCF449FC}
		{F14E3F89-269D-4D0E-B25A-A12D40755271} = {0C88DD14-F956-CE84-757C-A364CCF449FC}
		{5E6E4A19-67AA-4905-AB13-E15CFC8F0023} = {0C88DD14-F956-CE84-757C-A364CCF449FC}
		{DC63B095-8D1E-40B6-B9D8-AE40F79FE662} = {0C88DD14-F956-CE84-757C-A364CCF449FC}
	EndGlobalSection
EndGlobal
